// !$*UTF8*$!
{
	archiveVersion = 1;
	classes = {
	};
	objectVersion = 46;
	objects = {

/* Begin PBXBuildFile section */
		A8081C5114FDA65500CEC9A6 /* webex.txt in Resources */ = {isa = PBXBuildFile; fileRef = A8081C4F14FDA65500CEC9A6 /* webex.txt */; };
		A8081C5214FDA65500CEC9A6 /* webex2.txt in Resources */ = {isa = PBXBuildFile; fileRef = A8081C5014FDA65500CEC9A6 /* webex2.txt */; };
		A8081C5514FDC82800CEC9A6 /* lotuslive.txt in Resources */ = {isa = PBXBuildFile; fileRef = A8081C5414FDC82800CEC9A6 /* lotuslive.txt */; };
		A8081C931500384D00CEC9A6 /* ABContactsHelper.m in Sources */ = {isa = PBXBuildFile; fileRef = A8081C921500384D00CEC9A6 /* ABContactsHelper.m */; settings = {COMPILER_FLAGS = "-fno-objc-arc"; }; };
		A8081C9D1500396400CEC9A6 /* ABContact.m in Sources */ = {isa = PBXBuildFile; fileRef = A8081C9A1500396400CEC9A6 /* ABContact.m */; settings = {COMPILER_FLAGS = "-fno-objc-arc"; }; };
		A8081C9F1500396400CEC9A6 /* ABGroup.m in Sources */ = {isa = PBXBuildFile; fileRef = A8081C9C1500396400CEC9A6 /* ABGroup.m */; settings = {COMPILER_FLAGS = "-fno-objc-arc"; }; };
		A8081CA715003C2D00CEC9A6 /* AddressBook.framework in Frameworks */ = {isa = PBXBuildFile; fileRef = A8081CA515003C2C00CEC9A6 /* AddressBook.framework */; };
		A8081CA815003C2D00CEC9A6 /* AddressBookUI.framework in Frameworks */ = {isa = PBXBuildFile; fileRef = A8081CA615003C2C00CEC9A6 /* AddressBookUI.framework */; };
		A8081CAF150040BF00CEC9A6 /* CMIContactsController.m in Sources */ = {isa = PBXBuildFile; fileRef = A8081CAE150040BF00CEC9A6 /* CMIContactsController.m */; };
		A8081CB11501350600CEC9A6 /* AddressBook.framework in Frameworks */ = {isa = PBXBuildFile; fileRef = A8081CA515003C2C00CEC9A6 /* AddressBook.framework */; };
		A8081CB21501350600CEC9A6 /* AddressBookUI.framework in Frameworks */ = {isa = PBXBuildFile; fileRef = A8081CA615003C2C00CEC9A6 /* AddressBookUI.framework */; };
		A8081CB4150137B900CEC9A6 /* ABContact.m in Sources */ = {isa = PBXBuildFile; fileRef = A8081C9A1500396400CEC9A6 /* ABContact.m */; settings = {COMPILER_FLAGS = "-fno-objc-arc"; }; };
		A8081CB6150137B900CEC9A6 /* ABGroup.m in Sources */ = {isa = PBXBuildFile; fileRef = A8081C9C1500396400CEC9A6 /* ABGroup.m */; settings = {COMPILER_FLAGS = "-fno-objc-arc"; }; };
		A8081CB8150137B900CEC9A6 /* ABContactsHelper.m in Sources */ = {isa = PBXBuildFile; fileRef = A8081C921500384D00CEC9A6 /* ABContactsHelper.m */; settings = {COMPILER_FLAGS = "-fno-objc-arc"; }; };
		A8081CBA150137B900CEC9A6 /* CMIContactsController.m in Sources */ = {isa = PBXBuildFile; fileRef = A8081CAE150040BF00CEC9A6 /* CMIContactsController.m */; };
		A808AFAA14EBF60F00810523 /* CMIPhone.m in Sources */ = {isa = PBXBuildFile; fileRef = A808AFA914EBF60F00810523 /* CMIPhone.m */; };
		A808AFAB14EBF60F00810523 /* CMIPhone.m in Sources */ = {isa = PBXBuildFile; fileRef = A808AFA914EBF60F00810523 /* CMIPhone.m */; };
		A81E2F9C14EAD07A0005B411 /* Icon.png in Resources */ = {isa = PBXBuildFile; fileRef = A81E2F9914EAD07A0005B411 /* Icon.png */; };
		A81E2F9D14EAD07A0005B411 /* Icon@2x.png in Resources */ = {isa = PBXBuildFile; fileRef = A81E2F9A14EAD07A0005B411 /* Icon@2x.png */; };
		A81E2F9E14EAD07A0005B411 /* ITunesArtwork.png in Resources */ = {isa = PBXBuildFile; fileRef = A81E2F9B14EAD07A0005B411 /* ITunesArtwork.png */; };
		A82727D6150260CB005190EE /* CMIConferenceNumber.m in Sources */ = {isa = PBXBuildFile; fileRef = A82727D5150260CB005190EE /* CMIConferenceNumber.m */; };
		A82727D7150260CB005190EE /* CMIConferenceNumber.m in Sources */ = {isa = PBXBuildFile; fileRef = A82727D5150260CB005190EE /* CMIConferenceNumber.m */; };
		A82728061502FE42005190EE /* AudioToolbox.framework in Frameworks */ = {isa = PBXBuildFile; fileRef = A82728041502FE42005190EE /* AudioToolbox.framework */; };
		A82728071502FE42005190EE /* SystemConfiguration.framework in Frameworks */ = {isa = PBXBuildFile; fileRef = A82728051502FE42005190EE /* SystemConfiguration.framework */; };
		A827280F1502FF08005190EE /* libGoogleAdMobAds.a in Frameworks */ = {isa = PBXBuildFile; fileRef = A82728081502FF08005190EE /* libGoogleAdMobAds.a */; };
		A82728101502FF08005190EE /* libGoogleAdMobAds.a in Frameworks */ = {isa = PBXBuildFile; fileRef = A82728081502FF08005190EE /* libGoogleAdMobAds.a */; };
		A847419D14E0C8FD0017A7C8 /* Localizable.strings in Resources */ = {isa = PBXBuildFile; fileRef = A847419B14E0C8FD0017A7C8 /* Localizable.strings */; };
		A847419E14E0C8FD0017A7C8 /* Localizable.strings in Resources */ = {isa = PBXBuildFile; fileRef = A847419B14E0C8FD0017A7C8 /* Localizable.strings */; };
		A856305514E87A53006B24F8 /* CMIUserDefaults.m in Sources */ = {isa = PBXBuildFile; fileRef = A856305414E87A52006B24F8 /* CMIUserDefaults.m */; };
		A856305614E87A53006B24F8 /* CMIUserDefaults.m in Sources */ = {isa = PBXBuildFile; fileRef = A856305414E87A52006B24F8 /* CMIUserDefaults.m */; };
		A85FF3B614CEF90100F2CD1C /* Settings.bundle in Resources */ = {isa = PBXBuildFile; fileRef = A85FF3B514CEF90100F2CD1C /* Settings.bundle */; };
		A868D58A14F853A300DEBC17 /* att_connect.txt in Resources */ = {isa = PBXBuildFile; fileRef = A868D58914F853A300DEBC17 /* att_connect.txt */; };
		A86C356D14FC39250079BE4E /* verizon.txt in Resources */ = {isa = PBXBuildFile; fileRef = A86C356C14FC39250079BE4E /* verizon.txt */; };
		A8AEA2FD14E2380500E6ADC6 /* CMIHelpViewController.m in Sources */ = {isa = PBXBuildFile; fileRef = A8AEA2FC14E2380500E6ADC6 /* CMIHelpViewController.m */; };
		A8AEA2FE14E2380500E6ADC6 /* CMIHelpViewController.m in Sources */ = {isa = PBXBuildFile; fileRef = A8AEA2FC14E2380500E6ADC6 /* CMIHelpViewController.m */; };
		A8B6321414E229440006E3A5 /* Default.png in Resources */ = {isa = PBXBuildFile; fileRef = A8B6321314E229430006E3A5 /* Default.png */; };
		A8CFD0B814EF360C00EA8616 /* IASKAppSettingsViewController.m in Sources */ = {isa = PBXBuildFile; fileRef = A8CFD09214EF360C00EA8616 /* IASKAppSettingsViewController.m */; settings = {COMPILER_FLAGS = "-fno-objc-arc"; }; };
		A8CFD0BA14EF360C00EA8616 /* IASKAppSettingsWebViewController.m in Sources */ = {isa = PBXBuildFile; fileRef = A8CFD09414EF360C00EA8616 /* IASKAppSettingsWebViewController.m */; settings = {COMPILER_FLAGS = "-fno-objc-arc"; }; };
		A8CFD0BC14EF360C00EA8616 /* IASKSpecifierValuesViewController.m in Sources */ = {isa = PBXBuildFile; fileRef = A8CFD09614EF360C00EA8616 /* IASKSpecifierValuesViewController.m */; settings = {COMPILER_FLAGS = "-fno-objc-arc"; }; };
		A8CFD0BE14EF360C00EA8616 /* IASKSettingsReader.m in Sources */ = {isa = PBXBuildFile; fileRef = A8CFD09914EF360C00EA8616 /* IASKSettingsReader.m */; settings = {COMPILER_FLAGS = "-fno-objc-arc"; }; };
		A8CFD0C014EF360C00EA8616 /* IASKSettingsStore.m in Sources */ = {isa = PBXBuildFile; fileRef = A8CFD09B14EF360C00EA8616 /* IASKSettingsStore.m */; settings = {COMPILER_FLAGS = "-fno-objc-arc"; }; };
		A8CFD0C214EF360C00EA8616 /* IASKSettingsStoreFile.m in Sources */ = {isa = PBXBuildFile; fileRef = A8CFD09D14EF360C00EA8616 /* IASKSettingsStoreFile.m */; settings = {COMPILER_FLAGS = "-fno-objc-arc"; }; };
		A8CFD0C414EF360C00EA8616 /* IASKSettingsStoreUserDefaults.m in Sources */ = {isa = PBXBuildFile; fileRef = A8CFD09F14EF360C00EA8616 /* IASKSettingsStoreUserDefaults.m */; settings = {COMPILER_FLAGS = "-fno-objc-arc"; }; };
		A8CFD0C614EF360C00EA8616 /* IASKSpecifier.m in Sources */ = {isa = PBXBuildFile; fileRef = A8CFD0A114EF360C00EA8616 /* IASKSpecifier.m */; settings = {COMPILER_FLAGS = "-fno-objc-arc"; }; };
		A8CFD0C814EF360C00EA8616 /* IASKPSSliderSpecifierViewCell.m in Sources */ = {isa = PBXBuildFile; fileRef = A8CFD0A414EF360C00EA8616 /* IASKPSSliderSpecifierViewCell.m */; settings = {COMPILER_FLAGS = "-fno-objc-arc"; }; };
		A8CFD0CA14EF360C00EA8616 /* IASKPSTextFieldSpecifierViewCell.m in Sources */ = {isa = PBXBuildFile; fileRef = A8CFD0A614EF360C00EA8616 /* IASKPSTextFieldSpecifierViewCell.m */; settings = {COMPILER_FLAGS = "-fno-objc-arc"; }; };
		A8CFD0CC14EF360C00EA8616 /* IASKPSTitleValueSpecifierViewCell.m in Sources */ = {isa = PBXBuildFile; fileRef = A8CFD0A814EF360C00EA8616 /* IASKPSTitleValueSpecifierViewCell.m */; settings = {COMPILER_FLAGS = "-fno-objc-arc"; }; };
		A8CFD0CE14EF360C00EA8616 /* IASKPSToggleSwitchSpecifierViewCell.m in Sources */ = {isa = PBXBuildFile; fileRef = A8CFD0AA14EF360C00EA8616 /* IASKPSToggleSwitchSpecifierViewCell.m */; settings = {COMPILER_FLAGS = "-fno-objc-arc"; }; };
		A8CFD0D014EF360C00EA8616 /* IASKSlider.m in Sources */ = {isa = PBXBuildFile; fileRef = A8CFD0AC14EF360C00EA8616 /* IASKSlider.m */; settings = {COMPILER_FLAGS = "-fno-objc-arc"; }; };
		A8CFD0D214EF360C00EA8616 /* IASKSwitch.m in Sources */ = {isa = PBXBuildFile; fileRef = A8CFD0AE14EF360C00EA8616 /* IASKSwitch.m */; settings = {COMPILER_FLAGS = "-fno-objc-arc"; }; };
		A8CFD0D414EF360C00EA8616 /* IASKTextField.m in Sources */ = {isa = PBXBuildFile; fileRef = A8CFD0B014EF360C00EA8616 /* IASKTextField.m */; settings = {COMPILER_FLAGS = "-fno-objc-arc"; }; };
		A8CFD0D614EF360C00EA8616 /* IASKAppSettingsView.xib in Resources */ = {isa = PBXBuildFile; fileRef = A8CFD0B214EF360C00EA8616 /* IASKAppSettingsView.xib */; };
		A8CFD0D714EF360C00EA8616 /* IASKAppSettingsView.xib in Resources */ = {isa = PBXBuildFile; fileRef = A8CFD0B214EF360C00EA8616 /* IASKAppSettingsView.xib */; };
		A8CFD0D814EF360C00EA8616 /* IASKAppSettingsWebView.xib in Resources */ = {isa = PBXBuildFile; fileRef = A8CFD0B314EF360C00EA8616 /* IASKAppSettingsWebView.xib */; };
		A8CFD0D914EF360C00EA8616 /* IASKAppSettingsWebView.xib in Resources */ = {isa = PBXBuildFile; fileRef = A8CFD0B314EF360C00EA8616 /* IASKAppSettingsWebView.xib */; };
		A8CFD0DA14EF360C00EA8616 /* IASKPSSliderSpecifierViewCell.xib in Resources */ = {isa = PBXBuildFile; fileRef = A8CFD0B414EF360C00EA8616 /* IASKPSSliderSpecifierViewCell.xib */; };
		A8CFD0DB14EF360C00EA8616 /* IASKPSSliderSpecifierViewCell.xib in Resources */ = {isa = PBXBuildFile; fileRef = A8CFD0B414EF360C00EA8616 /* IASKPSSliderSpecifierViewCell.xib */; };
		A8CFD0DC14EF360C00EA8616 /* IASKPSTextFieldSpecifierViewCell.xib in Resources */ = {isa = PBXBuildFile; fileRef = A8CFD0B514EF360C00EA8616 /* IASKPSTextFieldSpecifierViewCell.xib */; };
		A8CFD0DD14EF360C00EA8616 /* IASKPSTextFieldSpecifierViewCell.xib in Resources */ = {isa = PBXBuildFile; fileRef = A8CFD0B514EF360C00EA8616 /* IASKPSTextFieldSpecifierViewCell.xib */; };
		A8CFD0DE14EF360C00EA8616 /* IASKPSToggleSwitchSpecifierViewCell.xib in Resources */ = {isa = PBXBuildFile; fileRef = A8CFD0B614EF360C00EA8616 /* IASKPSToggleSwitchSpecifierViewCell.xib */; };
		A8CFD0DF14EF360C00EA8616 /* IASKPSToggleSwitchSpecifierViewCell.xib in Resources */ = {isa = PBXBuildFile; fileRef = A8CFD0B614EF360C00EA8616 /* IASKPSToggleSwitchSpecifierViewCell.xib */; };
		A8CFD0E014EF360C00EA8616 /* IASKSpecifierValuesView.xib in Resources */ = {isa = PBXBuildFile; fileRef = A8CFD0B714EF360C00EA8616 /* IASKSpecifierValuesView.xib */; };
		A8CFD0E114EF360C00EA8616 /* IASKSpecifierValuesView.xib in Resources */ = {isa = PBXBuildFile; fileRef = A8CFD0B714EF360C00EA8616 /* IASKSpecifierValuesView.xib */; };
		A8CFD0E314EF403A00EA8616 /* MessageUI.framework in Frameworks */ = {isa = PBXBuildFile; fileRef = A8CFD0E214EF403A00EA8616 /* MessageUI.framework */; };
		A8CFD0E514EF404500EA8616 /* MessageUI.framework in Frameworks */ = {isa = PBXBuildFile; fileRef = A8CFD0E414EF404500EA8616 /* MessageUI.framework */; };
		A8CFD0E614EF404500EA8616 /* MessageUI.framework in Frameworks */ = {isa = PBXBuildFile; fileRef = A8CFD0E414EF404500EA8616 /* MessageUI.framework */; };
		A8CFD0E914EFE5C200EA8616 /* CMIMyConferenceNumber.m in Sources */ = {isa = PBXBuildFile; fileRef = A8CFD0E814EFE5C200EA8616 /* CMIMyConferenceNumber.m */; };
		A8CFD0EA14EFE5C200EA8616 /* CMIMyConferenceNumber.m in Sources */ = {isa = PBXBuildFile; fileRef = A8CFD0E814EFE5C200EA8616 /* CMIMyConferenceNumber.m */; };
		A8DF7CED15058C2D00C42A5D /* AudioToolbox.framework in Frameworks */ = {isa = PBXBuildFile; fileRef = A82728041502FE42005190EE /* AudioToolbox.framework */; };
		A8DF7CEE15058C2D00C42A5D /* SystemConfiguration.framework in Frameworks */ = {isa = PBXBuildFile; fileRef = A82728051502FE42005190EE /* SystemConfiguration.framework */; };
		A8DF7CF11505D5E500C42A5D /* faux_fax.txt in Resources */ = {isa = PBXBuildFile; fileRef = A8DF7CF01505D5E400C42A5D /* faux_fax.txt */; };
		A8DF7CF215068BA100C42A5D /* CoreGraphics.framework in Frameworks */ = {isa = PBXBuildFile; fileRef = A8E5250E14CA0EC800797C16 /* CoreGraphics.framework */; };
		A8E1D70514D08F2800E5A877 /* EKEventParserTests.m in Sources */ = {isa = PBXBuildFile; fileRef = A8E1D70414D08F2800E5A877 /* EKEventParserTests.m */; };
		A8E1D70C14D0974700E5A877 /* CMIEvent.m in Sources */ = {isa = PBXBuildFile; fileRef = A8E1D70B14D0974700E5A877 /* CMIEvent.m */; };
		A8E1D70D14D0974700E5A877 /* CMIEvent.m in Sources */ = {isa = PBXBuildFile; fileRef = A8E1D70B14D0974700E5A877 /* CMIEvent.m */; };
		A8E1D71014D09D7A00E5A877 /* CMIEventTests.m in Sources */ = {isa = PBXBuildFile; fileRef = A8E1D70F14D09D7A00E5A877 /* CMIEventTests.m */; };
		A8E1D71B14D1303900E5A877 /* CMIEKEventViewController.m in Sources */ = {isa = PBXBuildFile; fileRef = A8E1D71A14D1303900E5A877 /* CMIEKEventViewController.m */; };
		A8E1D71C14D1303900E5A877 /* CMIEKEventViewController.m in Sources */ = {isa = PBXBuildFile; fileRef = A8E1D71A14D1303900E5A877 /* CMIEKEventViewController.m */; };
		A8E1D71E14D132B600E5A877 /* EventKitUI.framework in Frameworks */ = {isa = PBXBuildFile; fileRef = A8E1D71D14D132B600E5A877 /* EventKitUI.framework */; };
		A8E1D72014D133B300E5A877 /* EventKit.framework in Frameworks */ = {isa = PBXBuildFile; fileRef = A8E1D71F14D133B300E5A877 /* EventKit.framework */; };
		A8E1D72514D20B8C00E5A877 /* EventKit.framework in Frameworks */ = {isa = PBXBuildFile; fileRef = A8E1D71F14D133B300E5A877 /* EventKit.framework */; };
		A8E1D72614D20B8C00E5A877 /* EventKitUI.framework in Frameworks */ = {isa = PBXBuildFile; fileRef = A8E1D71D14D132B600E5A877 /* EventKitUI.framework */; };
		A8E1D72A14D22AE400E5A877 /* gradientBackground.png in Resources */ = {isa = PBXBuildFile; fileRef = A8E1D72914D22AE400E5A877 /* gradientBackground.png */; };
		A8E1D72B14D22AE400E5A877 /* gradientBackground.png in Resources */ = {isa = PBXBuildFile; fileRef = A8E1D72914D22AE400E5A877 /* gradientBackground.png */; };
		A8E1D73114D26AEF00E5A877 /* CMIEventCalendar.m in Sources */ = {isa = PBXBuildFile; fileRef = A8E1D73014D26AEF00E5A877 /* CMIEventCalendar.m */; };
		A8E1D73214D26AEF00E5A877 /* CMIEventCalendar.m in Sources */ = {isa = PBXBuildFile; fileRef = A8E1D73014D26AEF00E5A877 /* CMIEventCalendar.m */; };
		A8E1D73D14D2718900E5A877 /* CMIEventSystemTests.m in Sources */ = {isa = PBXBuildFile; fileRef = A8E1D73C14D2718900E5A877 /* CMIEventSystemTests.m */; };
		A8E1D74014D279E100E5A877 /* CMIMasterViewController.m in Sources */ = {isa = PBXBuildFile; fileRef = A8E1D73F14D279E000E5A877 /* CMIMasterViewController.m */; };
		A8E1D74114D279E100E5A877 /* CMIMasterViewController.m in Sources */ = {isa = PBXBuildFile; fileRef = A8E1D73F14D279E000E5A877 /* CMIMasterViewController.m */; };
		A8E1D74314D322CA00E5A877 /* phone.png in Resources */ = {isa = PBXBuildFile; fileRef = A8E1D74214D322CA00E5A877 /* phone.png */; };
		A8E1D74414D322CA00E5A877 /* phone.png in Resources */ = {isa = PBXBuildFile; fileRef = A8E1D74214D322CA00E5A877 /* phone.png */; };
		A8E5250B14CA0EC800797C16 /* UIKit.framework in Frameworks */ = {isa = PBXBuildFile; fileRef = A8E5250A14CA0EC800797C16 /* UIKit.framework */; };
		A8E5250D14CA0EC800797C16 /* Foundation.framework in Frameworks */ = {isa = PBXBuildFile; fileRef = A8E5250C14CA0EC800797C16 /* Foundation.framework */; };
		A8E5250F14CA0EC800797C16 /* CoreGraphics.framework in Frameworks */ = {isa = PBXBuildFile; fileRef = A8E5250E14CA0EC800797C16 /* CoreGraphics.framework */; };
		A8E5251514CA0EC800797C16 /* InfoPlist.strings in Resources */ = {isa = PBXBuildFile; fileRef = A8E5251314CA0EC800797C16 /* InfoPlist.strings */; };
		A8E5251714CA0EC800797C16 /* main.m in Sources */ = {isa = PBXBuildFile; fileRef = A8E5251614CA0EC800797C16 /* main.m */; };
		A8E5251B14CA0EC800797C16 /* ConferenceMeInAppDelegate.m in Sources */ = {isa = PBXBuildFile; fileRef = A8E5251A14CA0EC800797C16 /* ConferenceMeInAppDelegate.m */; };
		A8E5252F14CA0EC800797C16 /* SenTestingKit.framework in Frameworks */ = {isa = PBXBuildFile; fileRef = A8E5252E14CA0EC800797C16 /* SenTestingKit.framework */; };
		A8E5253014CA0EC800797C16 /* UIKit.framework in Frameworks */ = {isa = PBXBuildFile; fileRef = A8E5250A14CA0EC800797C16 /* UIKit.framework */; };
		A8E5253114CA0EC800797C16 /* Foundation.framework in Frameworks */ = {isa = PBXBuildFile; fileRef = A8E5250C14CA0EC800797C16 /* Foundation.framework */; };
		A8E5253914CA0EC800797C16 /* InfoPlist.strings in Resources */ = {isa = PBXBuildFile; fileRef = A8E5253714CA0EC800797C16 /* InfoPlist.strings */; };
		A8E5254C14CA37A200797C16 /* EKEventParser.m in Sources */ = {isa = PBXBuildFile; fileRef = A8E5254B14CA37A200797C16 /* EKEventParser.m */; };
		A8E5254D14CA37A200797C16 /* EKEventParser.m in Sources */ = {isa = PBXBuildFile; fileRef = A8E5254B14CA37A200797C16 /* EKEventParser.m */; };
		A8EAB88D14DA4C90001294B4 /* topRow.png in Resources */ = {isa = PBXBuildFile; fileRef = A8EAB88A14DA4C90001294B4 /* topRow.png */; };
		A8EAB88E14DA4C90001294B4 /* middleRow.png in Resources */ = {isa = PBXBuildFile; fileRef = A8EAB88B14DA4C90001294B4 /* middleRow.png */; };
		A8EAB88F14DA4C90001294B4 /* bottomRowSelected.png in Resources */ = {isa = PBXBuildFile; fileRef = A8EAB88C14DA4C90001294B4 /* bottomRowSelected.png */; };
		A8EAB89214DA4E82001294B4 /* topAndBottomRow.png in Resources */ = {isa = PBXBuildFile; fileRef = A8EAB89114DA4E82001294B4 /* topAndBottomRow.png */; };
		A8EAB89414DA51D9001294B4 /* middleRowSelected_red.png in Resources */ = {isa = PBXBuildFile; fileRef = A8EAB89314DA51D9001294B4 /* middleRowSelected_red.png */; };
		A8F0178D14F58C3F0046E849 /* livemeeting.txt in Resources */ = {isa = PBXBuildFile; fileRef = A8F0178C14F58C3F0046E849 /* livemeeting.txt */; };
		A8F0179B14F681420046E849 /* code_as_phonenumber.txt in Resources */ = {isa = PBXBuildFile; fileRef = A8F0179214F681420046E849 /* code_as_phonenumber.txt */; };
		A8F0179C14F681420046E849 /* gotomeeting_2_code_first.txt in Resources */ = {isa = PBXBuildFile; fileRef = A8F0179314F681420046E849 /* gotomeeting_2_code_first.txt */; };
		A8F0179D14F681420046E849 /* gotomeeting_3_intl.txt in Resources */ = {isa = PBXBuildFile; fileRef = A8F0179414F681420046E849 /* gotomeeting_3_intl.txt */; };
		A8F0179E14F681420046E849 /* gotomeeting_4.txt in Resources */ = {isa = PBXBuildFile; fileRef = A8F0179514F681420046E849 /* gotomeeting_4.txt */; };
		A8F0179F14F681420046E849 /* gotomeeting_1.txt in Resources */ = {isa = PBXBuildFile; fileRef = A8F0179614F681420046E849 /* gotomeeting_1.txt */; };
		A8F017A014F681420046E849 /* livemeeting2.txt in Resources */ = {isa = PBXBuildFile; fileRef = A8F0179714F681420046E849 /* livemeeting2.txt */; };
		A8F017A114F681420046E849 /* livemeeting3.txt in Resources */ = {isa = PBXBuildFile; fileRef = A8F0179814F681420046E849 /* livemeeting3.txt */; };
		A8F017A214F681420046E849 /* livemeeting4.txt in Resources */ = {isa = PBXBuildFile; fileRef = A8F0179914F681420046E849 /* livemeeting4.txt */; };
		A8F017A314F681420046E849 /* livemeeting5.txt in Resources */ = {isa = PBXBuildFile; fileRef = A8F0179A14F681420046E849 /* livemeeting5.txt */; };
		A8F48F1E14F2F4F1004F9B2E /* CMIHelpIPhoneView.xib in Resources */ = {isa = PBXBuildFile; fileRef = A8F48F1D14F2F4F1004F9B2E /* CMIHelpIPhoneView.xib */; };
		A8F6211514E3630700B735AC /* middleRowSelected.png in Resources */ = {isa = PBXBuildFile; fileRef = A8F6211414E3630700B735AC /* middleRowSelected.png */; };
		A8F6211C14E368E900B735AC /* CMIUtility.m in Sources */ = {isa = PBXBuildFile; fileRef = A8F6211B14E368E800B735AC /* CMIUtility.m */; };
		A8F6212314E56A2C00B735AC /* CMIDay.m in Sources */ = {isa = PBXBuildFile; fileRef = A8F6212214E56A2C00B735AC /* CMIDay.m */; };
		A8F6212414E56A2C00B735AC /* CMIDay.m in Sources */ = {isa = PBXBuildFile; fileRef = A8F6212214E56A2C00B735AC /* CMIDay.m */; };
/* End PBXBuildFile section */

/* Begin PBXContainerItemProxy section */
		A8E5253214CA0EC800797C16 /* PBXContainerItemProxy */ = {
			isa = PBXContainerItemProxy;
			containerPortal = A8E524FD14CA0EC700797C16 /* Project object */;
			proxyType = 1;
			remoteGlobalIDString = A8E5250514CA0EC800797C16;
			remoteInfo = ConferenceMeIn;
		};
/* End PBXContainerItemProxy section */

/* Begin PBXFileReference section */
		A8081C4F14FDA65500CEC9A6 /* webex.txt */ = {isa = PBXFileReference; fileEncoding = 4; lastKnownFileType = text; name = webex.txt; path = test_invites/webex.txt; sourceTree = "<group>"; };
		A8081C5014FDA65500CEC9A6 /* webex2.txt */ = {isa = PBXFileReference; fileEncoding = 4; lastKnownFileType = text; name = webex2.txt; path = test_invites/webex2.txt; sourceTree = "<group>"; };
		A8081C5414FDC82800CEC9A6 /* lotuslive.txt */ = {isa = PBXFileReference; fileEncoding = 4; lastKnownFileType = text; name = lotuslive.txt; path = test_invites/lotuslive.txt; sourceTree = "<group>"; };
		A8081C911500384D00CEC9A6 /* ABContactsHelper.h */ = {isa = PBXFileReference; fileEncoding = 4; lastKnownFileType = sourcecode.c.h; path = ABContactsHelper.h; sourceTree = "<group>"; };
		A8081C921500384D00CEC9A6 /* ABContactsHelper.m */ = {isa = PBXFileReference; fileEncoding = 4; lastKnownFileType = sourcecode.c.objc; path = ABContactsHelper.m; sourceTree = "<group>"; };
		A8081C991500396400CEC9A6 /* ABContact.h */ = {isa = PBXFileReference; fileEncoding = 4; lastKnownFileType = sourcecode.c.h; path = ABContact.h; sourceTree = "<group>"; };
		A8081C9A1500396400CEC9A6 /* ABContact.m */ = {isa = PBXFileReference; fileEncoding = 4; lastKnownFileType = sourcecode.c.objc; path = ABContact.m; sourceTree = "<group>"; };
		A8081C9B1500396400CEC9A6 /* ABGroup.h */ = {isa = PBXFileReference; fileEncoding = 4; lastKnownFileType = sourcecode.c.h; path = ABGroup.h; sourceTree = "<group>"; };
		A8081C9C1500396400CEC9A6 /* ABGroup.m */ = {isa = PBXFileReference; fileEncoding = 4; lastKnownFileType = sourcecode.c.objc; path = ABGroup.m; sourceTree = "<group>"; };
		A8081CA515003C2C00CEC9A6 /* AddressBook.framework */ = {isa = PBXFileReference; lastKnownFileType = wrapper.framework; name = AddressBook.framework; path = System/Library/Frameworks/AddressBook.framework; sourceTree = SDKROOT; };
		A8081CA615003C2C00CEC9A6 /* AddressBookUI.framework */ = {isa = PBXFileReference; lastKnownFileType = wrapper.framework; name = AddressBookUI.framework; path = System/Library/Frameworks/AddressBookUI.framework; sourceTree = SDKROOT; };
		A8081CAD150040BF00CEC9A6 /* CMIContactsController.h */ = {isa = PBXFileReference; fileEncoding = 4; lastKnownFileType = sourcecode.c.h; path = CMIContactsController.h; sourceTree = "<group>"; };
		A8081CAE150040BF00CEC9A6 /* CMIContactsController.m */ = {isa = PBXFileReference; fileEncoding = 4; lastKnownFileType = sourcecode.c.objc; path = CMIContactsController.m; sourceTree = "<group>"; };
		A808AFA814EBF60F00810523 /* CMIPhone.h */ = {isa = PBXFileReference; fileEncoding = 4; lastKnownFileType = sourcecode.c.h; path = CMIPhone.h; sourceTree = "<group>"; };
		A808AFA914EBF60F00810523 /* CMIPhone.m */ = {isa = PBXFileReference; fileEncoding = 4; lastKnownFileType = sourcecode.c.objc; path = CMIPhone.m; sourceTree = "<group>"; };
		A81E2F9914EAD07A0005B411 /* Icon.png */ = {isa = PBXFileReference; lastKnownFileType = image.png; name = Icon.png; path = ConferenceMeIn/images/Icon.png; sourceTree = "<group>"; };
		A81E2F9A14EAD07A0005B411 /* Icon@2x.png */ = {isa = PBXFileReference; lastKnownFileType = image.png; name = "Icon@2x.png"; path = "ConferenceMeIn/images/Icon@2x.png"; sourceTree = "<group>"; };
		A81E2F9B14EAD07A0005B411 /* ITunesArtwork.png */ = {isa = PBXFileReference; lastKnownFileType = image.png; name = ITunesArtwork.png; path = ConferenceMeIn/images/ITunesArtwork.png; sourceTree = "<group>"; };
		A82018B61507E23500C5FC6F /* en-GB */ = {isa = PBXFileReference; lastKnownFileType = text.plist.strings; name = "en-GB"; path = "en-GB.lproj/Localizable.strings"; sourceTree = "<group>"; };
		A82727D4150260CB005190EE /* CMIConferenceNumber.h */ = {isa = PBXFileReference; fileEncoding = 4; lastKnownFileType = sourcecode.c.h; path = CMIConferenceNumber.h; sourceTree = "<group>"; };
		A82727D5150260CB005190EE /* CMIConferenceNumber.m */ = {isa = PBXFileReference; fileEncoding = 4; lastKnownFileType = sourcecode.c.objc; path = CMIConferenceNumber.m; sourceTree = "<group>"; };
		A82728041502FE42005190EE /* AudioToolbox.framework */ = {isa = PBXFileReference; lastKnownFileType = wrapper.framework; name = AudioToolbox.framework; path = System/Library/Frameworks/AudioToolbox.framework; sourceTree = SDKROOT; };
		A82728051502FE42005190EE /* SystemConfiguration.framework */ = {isa = PBXFileReference; lastKnownFileType = wrapper.framework; name = SystemConfiguration.framework; path = System/Library/Frameworks/SystemConfiguration.framework; sourceTree = SDKROOT; };
		A82728081502FF08005190EE /* libGoogleAdMobAds.a */ = {isa = PBXFileReference; lastKnownFileType = archive.ar; name = libGoogleAdMobAds.a; path = AdMob/libGoogleAdMobAds.a; sourceTree = "<group>"; };
		A82728091502FF08005190EE /* GADRequest.h */ = {isa = PBXFileReference; fileEncoding = 4; lastKnownFileType = sourcecode.c.h; name = GADRequest.h; path = AdMob/GADRequest.h; sourceTree = "<group>"; };
		A827280A1502FF08005190EE /* GADBannerView.h */ = {isa = PBXFileReference; fileEncoding = 4; lastKnownFileType = sourcecode.c.h; name = GADBannerView.h; path = AdMob/GADBannerView.h; sourceTree = "<group>"; };
		A827280B1502FF08005190EE /* GADInterstitial.h */ = {isa = PBXFileReference; fileEncoding = 4; lastKnownFileType = sourcecode.c.h; name = GADInterstitial.h; path = AdMob/GADInterstitial.h; sourceTree = "<group>"; };
		A827280C1502FF08005190EE /* GADBannerViewDelegate.h */ = {isa = PBXFileReference; fileEncoding = 4; lastKnownFileType = sourcecode.c.h; name = GADBannerViewDelegate.h; path = AdMob/GADBannerViewDelegate.h; sourceTree = "<group>"; };
		A827280D1502FF08005190EE /* GADInterstitialDelegate.h */ = {isa = PBXFileReference; fileEncoding = 4; lastKnownFileType = sourcecode.c.h; name = GADInterstitialDelegate.h; path = AdMob/GADInterstitialDelegate.h; sourceTree = "<group>"; };
		A827280E1502FF08005190EE /* GADRequestError.h */ = {isa = PBXFileReference; fileEncoding = 4; lastKnownFileType = sourcecode.c.h; name = GADRequestError.h; path = AdMob/GADRequestError.h; sourceTree = "<group>"; };
		A847419C14E0C8FD0017A7C8 /* en */ = {isa = PBXFileReference; lastKnownFileType = text.plist.strings; name = en; path = ConferenceMeIn/en.lproj/Localizable.strings; sourceTree = "<group>"; };
		A856305314E87A52006B24F8 /* CMIUserDefaults.h */ = {isa = PBXFileReference; fileEncoding = 4; lastKnownFileType = sourcecode.c.h; path = CMIUserDefaults.h; sourceTree = "<group>"; };
		A856305414E87A52006B24F8 /* CMIUserDefaults.m */ = {isa = PBXFileReference; fileEncoding = 4; lastKnownFileType = sourcecode.c.objc; path = CMIUserDefaults.m; sourceTree = "<group>"; };
		A85FF3B514CEF90100F2CD1C /* Settings.bundle */ = {isa = PBXFileReference; lastKnownFileType = "wrapper.plug-in"; path = Settings.bundle; sourceTree = "<group>"; };
		A868D58914F853A300DEBC17 /* att_connect.txt */ = {isa = PBXFileReference; fileEncoding = 4; lastKnownFileType = text; name = att_connect.txt; path = test_invites/att_connect.txt; sourceTree = "<group>"; };
		A86C356C14FC39250079BE4E /* verizon.txt */ = {isa = PBXFileReference; fileEncoding = 4; lastKnownFileType = text; name = verizon.txt; path = test_invites/verizon.txt; sourceTree = "<group>"; };
		A8AEA2FB14E2380500E6ADC6 /* CMIHelpViewController.h */ = {isa = PBXFileReference; fileEncoding = 4; lastKnownFileType = sourcecode.c.h; path = CMIHelpViewController.h; sourceTree = "<group>"; };
		A8AEA2FC14E2380500E6ADC6 /* CMIHelpViewController.m */ = {isa = PBXFileReference; fileEncoding = 4; lastKnownFileType = sourcecode.c.objc; path = CMIHelpViewController.m; sourceTree = "<group>"; };
		A8B6321314E229430006E3A5 /* Default.png */ = {isa = PBXFileReference; lastKnownFileType = image.png; name = Default.png; path = ConferenceMeIn/images/Default.png; sourceTree = "<group>"; };
		A8CFD09114EF360C00EA8616 /* IASKAppSettingsViewController.h */ = {isa = PBXFileReference; fileEncoding = 4; lastKnownFileType = sourcecode.c.h; path = IASKAppSettingsViewController.h; sourceTree = "<group>"; };
		A8CFD09214EF360C00EA8616 /* IASKAppSettingsViewController.m */ = {isa = PBXFileReference; fileEncoding = 4; lastKnownFileType = sourcecode.c.objc; path = IASKAppSettingsViewController.m; sourceTree = "<group>"; };
		A8CFD09314EF360C00EA8616 /* IASKAppSettingsWebViewController.h */ = {isa = PBXFileReference; fileEncoding = 4; lastKnownFileType = sourcecode.c.h; path = IASKAppSettingsWebViewController.h; sourceTree = "<group>"; };
		A8CFD09414EF360C00EA8616 /* IASKAppSettingsWebViewController.m */ = {isa = PBXFileReference; fileEncoding = 4; lastKnownFileType = sourcecode.c.objc; path = IASKAppSettingsWebViewController.m; sourceTree = "<group>"; };
		A8CFD09514EF360C00EA8616 /* IASKSpecifierValuesViewController.h */ = {isa = PBXFileReference; fileEncoding = 4; lastKnownFileType = sourcecode.c.h; path = IASKSpecifierValuesViewController.h; sourceTree = "<group>"; };
		A8CFD09614EF360C00EA8616 /* IASKSpecifierValuesViewController.m */ = {isa = PBXFileReference; fileEncoding = 4; lastKnownFileType = sourcecode.c.objc; path = IASKSpecifierValuesViewController.m; sourceTree = "<group>"; };
		A8CFD09814EF360C00EA8616 /* IASKSettingsReader.h */ = {isa = PBXFileReference; fileEncoding = 4; lastKnownFileType = sourcecode.c.h; path = IASKSettingsReader.h; sourceTree = "<group>"; };
		A8CFD09914EF360C00EA8616 /* IASKSettingsReader.m */ = {isa = PBXFileReference; fileEncoding = 4; lastKnownFileType = sourcecode.c.objc; path = IASKSettingsReader.m; sourceTree = "<group>"; };
		A8CFD09A14EF360C00EA8616 /* IASKSettingsStore.h */ = {isa = PBXFileReference; fileEncoding = 4; lastKnownFileType = sourcecode.c.h; path = IASKSettingsStore.h; sourceTree = "<group>"; };
		A8CFD09B14EF360C00EA8616 /* IASKSettingsStore.m */ = {isa = PBXFileReference; fileEncoding = 4; lastKnownFileType = sourcecode.c.objc; path = IASKSettingsStore.m; sourceTree = "<group>"; };
		A8CFD09C14EF360C00EA8616 /* IASKSettingsStoreFile.h */ = {isa = PBXFileReference; fileEncoding = 4; lastKnownFileType = sourcecode.c.h; path = IASKSettingsStoreFile.h; sourceTree = "<group>"; };
		A8CFD09D14EF360C00EA8616 /* IASKSettingsStoreFile.m */ = {isa = PBXFileReference; fileEncoding = 4; lastKnownFileType = sourcecode.c.objc; path = IASKSettingsStoreFile.m; sourceTree = "<group>"; };
		A8CFD09E14EF360C00EA8616 /* IASKSettingsStoreUserDefaults.h */ = {isa = PBXFileReference; fileEncoding = 4; lastKnownFileType = sourcecode.c.h; path = IASKSettingsStoreUserDefaults.h; sourceTree = "<group>"; };
		A8CFD09F14EF360C00EA8616 /* IASKSettingsStoreUserDefaults.m */ = {isa = PBXFileReference; fileEncoding = 4; lastKnownFileType = sourcecode.c.objc; path = IASKSettingsStoreUserDefaults.m; sourceTree = "<group>"; };
		A8CFD0A014EF360C00EA8616 /* IASKSpecifier.h */ = {isa = PBXFileReference; fileEncoding = 4; lastKnownFileType = sourcecode.c.h; path = IASKSpecifier.h; sourceTree = "<group>"; };
		A8CFD0A114EF360C00EA8616 /* IASKSpecifier.m */ = {isa = PBXFileReference; fileEncoding = 4; lastKnownFileType = sourcecode.c.objc; path = IASKSpecifier.m; sourceTree = "<group>"; };
		A8CFD0A314EF360C00EA8616 /* IASKPSSliderSpecifierViewCell.h */ = {isa = PBXFileReference; fileEncoding = 4; lastKnownFileType = sourcecode.c.h; path = IASKPSSliderSpecifierViewCell.h; sourceTree = "<group>"; };
		A8CFD0A414EF360C00EA8616 /* IASKPSSliderSpecifierViewCell.m */ = {isa = PBXFileReference; fileEncoding = 4; lastKnownFileType = sourcecode.c.objc; path = IASKPSSliderSpecifierViewCell.m; sourceTree = "<group>"; };
		A8CFD0A514EF360C00EA8616 /* IASKPSTextFieldSpecifierViewCell.h */ = {isa = PBXFileReference; fileEncoding = 4; lastKnownFileType = sourcecode.c.h; path = IASKPSTextFieldSpecifierViewCell.h; sourceTree = "<group>"; };
		A8CFD0A614EF360C00EA8616 /* IASKPSTextFieldSpecifierViewCell.m */ = {isa = PBXFileReference; fileEncoding = 4; lastKnownFileType = sourcecode.c.objc; path = IASKPSTextFieldSpecifierViewCell.m; sourceTree = "<group>"; };
		A8CFD0A714EF360C00EA8616 /* IASKPSTitleValueSpecifierViewCell.h */ = {isa = PBXFileReference; fileEncoding = 4; lastKnownFileType = sourcecode.c.h; path = IASKPSTitleValueSpecifierViewCell.h; sourceTree = "<group>"; };
		A8CFD0A814EF360C00EA8616 /* IASKPSTitleValueSpecifierViewCell.m */ = {isa = PBXFileReference; fileEncoding = 4; lastKnownFileType = sourcecode.c.objc; path = IASKPSTitleValueSpecifierViewCell.m; sourceTree = "<group>"; };
		A8CFD0A914EF360C00EA8616 /* IASKPSToggleSwitchSpecifierViewCell.h */ = {isa = PBXFileReference; fileEncoding = 4; lastKnownFileType = sourcecode.c.h; path = IASKPSToggleSwitchSpecifierViewCell.h; sourceTree = "<group>"; };
		A8CFD0AA14EF360C00EA8616 /* IASKPSToggleSwitchSpecifierViewCell.m */ = {isa = PBXFileReference; fileEncoding = 4; lastKnownFileType = sourcecode.c.objc; path = IASKPSToggleSwitchSpecifierViewCell.m; sourceTree = "<group>"; };
		A8CFD0AB14EF360C00EA8616 /* IASKSlider.h */ = {isa = PBXFileReference; fileEncoding = 4; lastKnownFileType = sourcecode.c.h; path = IASKSlider.h; sourceTree = "<group>"; };
		A8CFD0AC14EF360C00EA8616 /* IASKSlider.m */ = {isa = PBXFileReference; fileEncoding = 4; lastKnownFileType = sourcecode.c.objc; path = IASKSlider.m; sourceTree = "<group>"; };
		A8CFD0AD14EF360C00EA8616 /* IASKSwitch.h */ = {isa = PBXFileReference; fileEncoding = 4; lastKnownFileType = sourcecode.c.h; path = IASKSwitch.h; sourceTree = "<group>"; };
		A8CFD0AE14EF360C00EA8616 /* IASKSwitch.m */ = {isa = PBXFileReference; fileEncoding = 4; lastKnownFileType = sourcecode.c.objc; path = IASKSwitch.m; sourceTree = "<group>"; };
		A8CFD0AF14EF360C00EA8616 /* IASKTextField.h */ = {isa = PBXFileReference; fileEncoding = 4; lastKnownFileType = sourcecode.c.h; path = IASKTextField.h; sourceTree = "<group>"; };
		A8CFD0B014EF360C00EA8616 /* IASKTextField.m */ = {isa = PBXFileReference; fileEncoding = 4; lastKnownFileType = sourcecode.c.objc; path = IASKTextField.m; sourceTree = "<group>"; };
		A8CFD0B214EF360C00EA8616 /* IASKAppSettingsView.xib */ = {isa = PBXFileReference; fileEncoding = 4; lastKnownFileType = file.xib; path = IASKAppSettingsView.xib; sourceTree = "<group>"; };
		A8CFD0B314EF360C00EA8616 /* IASKAppSettingsWebView.xib */ = {isa = PBXFileReference; fileEncoding = 4; lastKnownFileType = file.xib; path = IASKAppSettingsWebView.xib; sourceTree = "<group>"; };
		A8CFD0B414EF360C00EA8616 /* IASKPSSliderSpecifierViewCell.xib */ = {isa = PBXFileReference; fileEncoding = 4; lastKnownFileType = file.xib; path = IASKPSSliderSpecifierViewCell.xib; sourceTree = "<group>"; };
		A8CFD0B514EF360C00EA8616 /* IASKPSTextFieldSpecifierViewCell.xib */ = {isa = PBXFileReference; fileEncoding = 4; lastKnownFileType = file.xib; path = IASKPSTextFieldSpecifierViewCell.xib; sourceTree = "<group>"; };
		A8CFD0B614EF360C00EA8616 /* IASKPSToggleSwitchSpecifierViewCell.xib */ = {isa = PBXFileReference; fileEncoding = 4; lastKnownFileType = file.xib; path = IASKPSToggleSwitchSpecifierViewCell.xib; sourceTree = "<group>"; };
		A8CFD0B714EF360C00EA8616 /* IASKSpecifierValuesView.xib */ = {isa = PBXFileReference; fileEncoding = 4; lastKnownFileType = file.xib; path = IASKSpecifierValuesView.xib; sourceTree = "<group>"; };
		A8CFD0E214EF403A00EA8616 /* MessageUI.framework */ = {isa = PBXFileReference; lastKnownFileType = wrapper.framework; name = MessageUI.framework; path = System/Library/Frameworks/MessageUI.framework; sourceTree = SDKROOT; };
		A8CFD0E414EF404500EA8616 /* MessageUI.framework */ = {isa = PBXFileReference; lastKnownFileType = wrapper.framework; name = MessageUI.framework; path = System/Library/Frameworks/MessageUI.framework; sourceTree = SDKROOT; };
		A8CFD0E714EFE5C200EA8616 /* CMIMyConferenceNumber.h */ = {isa = PBXFileReference; fileEncoding = 4; lastKnownFileType = sourcecode.c.h; path = CMIMyConferenceNumber.h; sourceTree = "<group>"; };
		A8CFD0E814EFE5C200EA8616 /* CMIMyConferenceNumber.m */ = {isa = PBXFileReference; fileEncoding = 4; lastKnownFileType = sourcecode.c.objc; path = CMIMyConferenceNumber.m; sourceTree = "<group>"; };
		A8DF7CF01505D5E400C42A5D /* faux_fax.txt */ = {isa = PBXFileReference; fileEncoding = 4; lastKnownFileType = text; name = faux_fax.txt; path = test_invites/faux_fax.txt; sourceTree = "<group>"; };
		A8E1D70314D08F2800E5A877 /* EKEventParserTests.h */ = {isa = PBXFileReference; fileEncoding = 4; lastKnownFileType = sourcecode.c.h; path = EKEventParserTests.h; sourceTree = "<group>"; };
		A8E1D70414D08F2800E5A877 /* EKEventParserTests.m */ = {isa = PBXFileReference; fileEncoding = 4; lastKnownFileType = sourcecode.c.objc; path = EKEventParserTests.m; sourceTree = "<group>"; };
		A8E1D70A14D0974700E5A877 /* CMIEvent.h */ = {isa = PBXFileReference; fileEncoding = 4; lastKnownFileType = sourcecode.c.h; path = CMIEvent.h; sourceTree = "<group>"; };
		A8E1D70B14D0974700E5A877 /* CMIEvent.m */ = {isa = PBXFileReference; fileEncoding = 4; lastKnownFileType = sourcecode.c.objc; path = CMIEvent.m; sourceTree = "<group>"; };
		A8E1D70E14D09D7A00E5A877 /* CMIEventTests.h */ = {isa = PBXFileReference; fileEncoding = 4; lastKnownFileType = sourcecode.c.h; path = CMIEventTests.h; sourceTree = "<group>"; };
		A8E1D70F14D09D7A00E5A877 /* CMIEventTests.m */ = {isa = PBXFileReference; fileEncoding = 4; lastKnownFileType = sourcecode.c.objc; path = CMIEventTests.m; sourceTree = "<group>"; };
		A8E1D71914D1303900E5A877 /* CMIEKEventViewController.h */ = {isa = PBXFileReference; fileEncoding = 4; lastKnownFileType = sourcecode.c.h; path = CMIEKEventViewController.h; sourceTree = "<group>"; };
		A8E1D71A14D1303900E5A877 /* CMIEKEventViewController.m */ = {isa = PBXFileReference; fileEncoding = 4; lastKnownFileType = sourcecode.c.objc; path = CMIEKEventViewController.m; sourceTree = "<group>"; };
		A8E1D71D14D132B600E5A877 /* EventKitUI.framework */ = {isa = PBXFileReference; lastKnownFileType = wrapper.framework; name = EventKitUI.framework; path = System/Library/Frameworks/EventKitUI.framework; sourceTree = SDKROOT; };
		A8E1D71F14D133B300E5A877 /* EventKit.framework */ = {isa = PBXFileReference; lastKnownFileType = wrapper.framework; name = EventKit.framework; path = System/Library/Frameworks/EventKit.framework; sourceTree = SDKROOT; };
		A8E1D72914D22AE400E5A877 /* gradientBackground.png */ = {isa = PBXFileReference; lastKnownFileType = image.png; path = gradientBackground.png; sourceTree = "<group>"; };
		A8E1D72F14D26AEE00E5A877 /* CMIEventCalendar.h */ = {isa = PBXFileReference; fileEncoding = 4; lastKnownFileType = sourcecode.c.h; path = CMIEventCalendar.h; sourceTree = "<group>"; };
		A8E1D73014D26AEF00E5A877 /* CMIEventCalendar.m */ = {isa = PBXFileReference; fileEncoding = 4; lastKnownFileType = sourcecode.c.objc; path = CMIEventCalendar.m; sourceTree = "<group>"; };
		A8E1D73B14D2718900E5A877 /* CMIEventSystemTests.h */ = {isa = PBXFileReference; fileEncoding = 4; lastKnownFileType = sourcecode.c.h; path = CMIEventSystemTests.h; sourceTree = "<group>"; };
		A8E1D73C14D2718900E5A877 /* CMIEventSystemTests.m */ = {isa = PBXFileReference; fileEncoding = 4; lastKnownFileType = sourcecode.c.objc; path = CMIEventSystemTests.m; sourceTree = "<group>"; };
		A8E1D73E14D279E000E5A877 /* CMIMasterViewController.h */ = {isa = PBXFileReference; fileEncoding = 4; lastKnownFileType = sourcecode.c.h; path = CMIMasterViewController.h; sourceTree = "<group>"; };
		A8E1D73F14D279E000E5A877 /* CMIMasterViewController.m */ = {isa = PBXFileReference; fileEncoding = 4; lastKnownFileType = sourcecode.c.objc; path = CMIMasterViewController.m; sourceTree = "<group>"; };
		A8E1D74214D322CA00E5A877 /* phone.png */ = {isa = PBXFileReference; lastKnownFileType = image.png; path = phone.png; sourceTree = "<group>"; };
		A8E5250614CA0EC800797C16 /* ConferenceMeIn.app */ = {isa = PBXFileReference; explicitFileType = wrapper.application; includeInIndex = 0; path = ConferenceMeIn.app; sourceTree = BUILT_PRODUCTS_DIR; };
		A8E5250A14CA0EC800797C16 /* UIKit.framework */ = {isa = PBXFileReference; lastKnownFileType = wrapper.framework; name = UIKit.framework; path = System/Library/Frameworks/UIKit.framework; sourceTree = SDKROOT; };
		A8E5250C14CA0EC800797C16 /* Foundation.framework */ = {isa = PBXFileReference; lastKnownFileType = wrapper.framework; name = Foundation.framework; path = System/Library/Frameworks/Foundation.framework; sourceTree = SDKROOT; };
		A8E5250E14CA0EC800797C16 /* CoreGraphics.framework */ = {isa = PBXFileReference; lastKnownFileType = wrapper.framework; name = CoreGraphics.framework; path = System/Library/Frameworks/CoreGraphics.framework; sourceTree = SDKROOT; };
		A8E5251214CA0EC800797C16 /* ConferenceMeIn-Info.plist */ = {isa = PBXFileReference; lastKnownFileType = text.plist.xml; path = "ConferenceMeIn-Info.plist"; sourceTree = "<group>"; };
		A8E5251414CA0EC800797C16 /* en */ = {isa = PBXFileReference; lastKnownFileType = text.plist.strings; name = en; path = en.lproj/InfoPlist.strings; sourceTree = "<group>"; };
		A8E5251614CA0EC800797C16 /* main.m */ = {isa = PBXFileReference; lastKnownFileType = sourcecode.c.objc; path = main.m; sourceTree = "<group>"; };
		A8E5251814CA0EC800797C16 /* ConferenceMeIn-Prefix.pch */ = {isa = PBXFileReference; lastKnownFileType = sourcecode.c.h; path = "ConferenceMeIn-Prefix.pch"; sourceTree = "<group>"; };
		A8E5251914CA0EC800797C16 /* ConferenceMeInAppDelegate.h */ = {isa = PBXFileReference; lastKnownFileType = sourcecode.c.h; path = ConferenceMeInAppDelegate.h; sourceTree = "<group>"; };
		A8E5251A14CA0EC800797C16 /* ConferenceMeInAppDelegate.m */ = {isa = PBXFileReference; lastKnownFileType = sourcecode.c.objc; path = ConferenceMeInAppDelegate.m; sourceTree = "<group>"; };
		A8E5252D14CA0EC800797C16 /* ConferenceMeInTests.octest */ = {isa = PBXFileReference; explicitFileType = wrapper.cfbundle; includeInIndex = 0; path = ConferenceMeInTests.octest; sourceTree = BUILT_PRODUCTS_DIR; };
		A8E5252E14CA0EC800797C16 /* SenTestingKit.framework */ = {isa = PBXFileReference; lastKnownFileType = wrapper.framework; name = SenTestingKit.framework; path = Library/Frameworks/SenTestingKit.framework; sourceTree = DEVELOPER_DIR; };
		A8E5253614CA0EC800797C16 /* ConferenceMeInTests-Info.plist */ = {isa = PBXFileReference; lastKnownFileType = text.plist.xml; path = "ConferenceMeInTests-Info.plist"; sourceTree = "<group>"; };
		A8E5253814CA0EC800797C16 /* en */ = {isa = PBXFileReference; lastKnownFileType = text.plist.strings; name = en; path = en.lproj/InfoPlist.strings; sourceTree = "<group>"; };
		A8E5253A14CA0EC800797C16 /* ConferenceMeInTests.h */ = {isa = PBXFileReference; lastKnownFileType = sourcecode.c.h; path = ConferenceMeInTests.h; sourceTree = "<group>"; };
		A8E5253B14CA0EC800797C16 /* ConferenceMeInTests.m */ = {isa = PBXFileReference; lastKnownFileType = sourcecode.c.objc; path = ConferenceMeInTests.m; sourceTree = "<group>"; };
		A8E5254A14CA37A100797C16 /* EKEventParser.h */ = {isa = PBXFileReference; fileEncoding = 4; lastKnownFileType = sourcecode.c.h; path = EKEventParser.h; sourceTree = "<group>"; };
		A8E5254B14CA37A200797C16 /* EKEventParser.m */ = {isa = PBXFileReference; fileEncoding = 4; lastKnownFileType = sourcecode.c.objc; path = EKEventParser.m; sourceTree = "<group>"; };
		A8EAB88A14DA4C90001294B4 /* topRow.png */ = {isa = PBXFileReference; lastKnownFileType = image.png; path = topRow.png; sourceTree = "<group>"; };
		A8EAB88B14DA4C90001294B4 /* middleRow.png */ = {isa = PBXFileReference; lastKnownFileType = image.png; path = middleRow.png; sourceTree = "<group>"; };
		A8EAB88C14DA4C90001294B4 /* bottomRowSelected.png */ = {isa = PBXFileReference; lastKnownFileType = image.png; path = bottomRowSelected.png; sourceTree = "<group>"; };
		A8EAB89114DA4E82001294B4 /* topAndBottomRow.png */ = {isa = PBXFileReference; lastKnownFileType = image.png; path = topAndBottomRow.png; sourceTree = "<group>"; };
		A8EAB89314DA51D9001294B4 /* middleRowSelected_red.png */ = {isa = PBXFileReference; lastKnownFileType = image.png; path = middleRowSelected_red.png; sourceTree = "<group>"; };
		A8F0178C14F58C3F0046E849 /* livemeeting.txt */ = {isa = PBXFileReference; fileEncoding = 4; lastKnownFileType = text; name = livemeeting.txt; path = test_invites/livemeeting.txt; sourceTree = "<group>"; };
		A8F0179214F681420046E849 /* code_as_phonenumber.txt */ = {isa = PBXFileReference; fileEncoding = 4; lastKnownFileType = text; name = code_as_phonenumber.txt; path = test_invites/code_as_phonenumber.txt; sourceTree = "<group>"; };
		A8F0179314F681420046E849 /* gotomeeting_2_code_first.txt */ = {isa = PBXFileReference; fileEncoding = 4; lastKnownFileType = text; name = gotomeeting_2_code_first.txt; path = test_invites/gotomeeting_2_code_first.txt; sourceTree = "<group>"; };
		A8F0179414F681420046E849 /* gotomeeting_3_intl.txt */ = {isa = PBXFileReference; fileEncoding = 4; lastKnownFileType = text; name = gotomeeting_3_intl.txt; path = test_invites/gotomeeting_3_intl.txt; sourceTree = "<group>"; };
		A8F0179514F681420046E849 /* gotomeeting_4.txt */ = {isa = PBXFileReference; fileEncoding = 4; lastKnownFileType = text; name = gotomeeting_4.txt; path = test_invites/gotomeeting_4.txt; sourceTree = "<group>"; };
		A8F0179614F681420046E849 /* gotomeeting_1.txt */ = {isa = PBXFileReference; fileEncoding = 4; lastKnownFileType = text; name = gotomeeting_1.txt; path = test_invites/gotomeeting_1.txt; sourceTree = "<group>"; };
		A8F0179714F681420046E849 /* livemeeting2.txt */ = {isa = PBXFileReference; fileEncoding = 4; lastKnownFileType = text; name = livemeeting2.txt; path = test_invites/livemeeting2.txt; sourceTree = "<group>"; };
		A8F0179814F681420046E849 /* livemeeting3.txt */ = {isa = PBXFileReference; fileEncoding = 4; lastKnownFileType = text; name = livemeeting3.txt; path = test_invites/livemeeting3.txt; sourceTree = "<group>"; };
		A8F0179914F681420046E849 /* livemeeting4.txt */ = {isa = PBXFileReference; fileEncoding = 4; lastKnownFileType = text; name = livemeeting4.txt; path = test_invites/livemeeting4.txt; sourceTree = "<group>"; };
		A8F0179A14F681420046E849 /* livemeeting5.txt */ = {isa = PBXFileReference; fileEncoding = 4; lastKnownFileType = text; name = livemeeting5.txt; path = test_invites/livemeeting5.txt; sourceTree = "<group>"; };
		A8F48F1D14F2F4F1004F9B2E /* CMIHelpIPhoneView.xib */ = {isa = PBXFileReference; fileEncoding = 4; lastKnownFileType = file.xib; path = CMIHelpIPhoneView.xib; sourceTree = "<group>"; };
		A8F6211414E3630700B735AC /* middleRowSelected.png */ = {isa = PBXFileReference; lastKnownFileType = image.png; name = middleRowSelected.png; path = ConferenceMeIn/images/middleRowSelected.png; sourceTree = "<group>"; };
		A8F6211A14E368E800B735AC /* CMIUtility.h */ = {isa = PBXFileReference; fileEncoding = 4; lastKnownFileType = sourcecode.c.h; path = CMIUtility.h; sourceTree = "<group>"; };
		A8F6211B14E368E800B735AC /* CMIUtility.m */ = {isa = PBXFileReference; fileEncoding = 4; lastKnownFileType = sourcecode.c.objc; path = CMIUtility.m; sourceTree = "<group>"; };
		A8F6212114E56A2B00B735AC /* CMIDay.h */ = {isa = PBXFileReference; fileEncoding = 4; lastKnownFileType = sourcecode.c.h; path = CMIDay.h; sourceTree = "<group>"; };
		A8F6212214E56A2C00B735AC /* CMIDay.m */ = {isa = PBXFileReference; fileEncoding = 4; lastKnownFileType = sourcecode.c.objc; path = CMIDay.m; sourceTree = "<group>"; };
/* End PBXFileReference section */

/* Begin PBXFrameworksBuildPhase section */
		A8E5250314CA0EC800797C16 /* Frameworks */ = {
			isa = PBXFrameworksBuildPhase;
			buildActionMask = 2147483647;
			files = (
				A82728061502FE42005190EE /* AudioToolbox.framework in Frameworks */,
				A82728071502FE42005190EE /* SystemConfiguration.framework in Frameworks */,
				A8081CA715003C2D00CEC9A6 /* AddressBook.framework in Frameworks */,
				A8081CA815003C2D00CEC9A6 /* AddressBookUI.framework in Frameworks */,
				A8CFD0E314EF403A00EA8616 /* MessageUI.framework in Frameworks */,
				A8E1D72014D133B300E5A877 /* EventKit.framework in Frameworks */,
				A8E1D71E14D132B600E5A877 /* EventKitUI.framework in Frameworks */,
				A8E5250B14CA0EC800797C16 /* UIKit.framework in Frameworks */,
				A8E5250D14CA0EC800797C16 /* Foundation.framework in Frameworks */,
				A8E5250F14CA0EC800797C16 /* CoreGraphics.framework in Frameworks */,
				A8CFD0E514EF404500EA8616 /* MessageUI.framework in Frameworks */,
				A827280F1502FF08005190EE /* libGoogleAdMobAds.a in Frameworks */,
			);
			runOnlyForDeploymentPostprocessing = 0;
		};
		A8E5252914CA0EC800797C16 /* Frameworks */ = {
			isa = PBXFrameworksBuildPhase;
			buildActionMask = 2147483647;
			files = (
				A8DF7CF215068BA100C42A5D /* CoreGraphics.framework in Frameworks */,
				A8DF7CED15058C2D00C42A5D /* AudioToolbox.framework in Frameworks */,
				A8DF7CEE15058C2D00C42A5D /* SystemConfiguration.framework in Frameworks */,
				A8E5252F14CA0EC800797C16 /* SenTestingKit.framework in Frameworks */,
				A8081CB11501350600CEC9A6 /* AddressBook.framework in Frameworks */,
				A8081CB21501350600CEC9A6 /* AddressBookUI.framework in Frameworks */,
				A8E1D72514D20B8C00E5A877 /* EventKit.framework in Frameworks */,
				A8E1D72614D20B8C00E5A877 /* EventKitUI.framework in Frameworks */,
				A8E5253014CA0EC800797C16 /* UIKit.framework in Frameworks */,
				A8E5253114CA0EC800797C16 /* Foundation.framework in Frameworks */,
				A8CFD0E614EF404500EA8616 /* MessageUI.framework in Frameworks */,
				A82728101502FF08005190EE /* libGoogleAdMobAds.a in Frameworks */,
			);
			runOnlyForDeploymentPostprocessing = 0;
		};
/* End PBXFrameworksBuildPhase section */

/* Begin PBXGroup section */
		A8081C6B14FFF8CB00CEC9A6 /* AddressBook */ = {
			isa = PBXGroup;
			children = (
				A8081C991500396400CEC9A6 /* ABContact.h */,
				A8081C9A1500396400CEC9A6 /* ABContact.m */,
				A8081C9B1500396400CEC9A6 /* ABGroup.h */,
				A8081C9C1500396400CEC9A6 /* ABGroup.m */,
				A8081C911500384D00CEC9A6 /* ABContactsHelper.h */,
				A8081C921500384D00CEC9A6 /* ABContactsHelper.m */,
				A8081CAD150040BF00CEC9A6 /* CMIContactsController.h */,
				A8081CAE150040BF00CEC9A6 /* CMIContactsController.m */,
			);
			name = AddressBook;
			sourceTree = "<group>";
		};
		A814F94114F3193800A159B9 /* Views */ = {
			isa = PBXGroup;
			children = (
				A8F48F1D14F2F4F1004F9B2E /* CMIHelpIPhoneView.xib */,
			);
			name = Views;
			sourceTree = "<group>";
		};
		A82728031502FE0F005190EE /* AdMob */ = {
			isa = PBXGroup;
			children = (
				A82728081502FF08005190EE /* libGoogleAdMobAds.a */,
				A82728091502FF08005190EE /* GADRequest.h */,
				A827280A1502FF08005190EE /* GADBannerView.h */,
				A827280B1502FF08005190EE /* GADInterstitial.h */,
				A827280C1502FF08005190EE /* GADBannerViewDelegate.h */,
				A827280D1502FF08005190EE /* GADInterstitialDelegate.h */,
				A827280E1502FF08005190EE /* GADRequestError.h */,
			);
			name = AdMob;
			sourceTree = "<group>";
		};
		A8CFD08F14EF360C00EA8616 /* InAppSettingsKit */ = {
			isa = PBXGroup;
			children = (
				A8CFD09014EF360C00EA8616 /* Controllers */,
				A8CFD09714EF360C00EA8616 /* Models */,
				A8CFD0A214EF360C00EA8616 /* Views */,
				A8CFD0B114EF360C00EA8616 /* Xibs */,
			);
			path = InAppSettingsKit;
			sourceTree = "<group>";
		};
		A8CFD09014EF360C00EA8616 /* Controllers */ = {
			isa = PBXGroup;
			children = (
				A8CFD09114EF360C00EA8616 /* IASKAppSettingsViewController.h */,
				A8CFD09214EF360C00EA8616 /* IASKAppSettingsViewController.m */,
				A8CFD09314EF360C00EA8616 /* IASKAppSettingsWebViewController.h */,
				A8CFD09414EF360C00EA8616 /* IASKAppSettingsWebViewController.m */,
				A8CFD09514EF360C00EA8616 /* IASKSpecifierValuesViewController.h */,
				A8CFD09614EF360C00EA8616 /* IASKSpecifierValuesViewController.m */,
			);
			path = Controllers;
			sourceTree = "<group>";
		};
		A8CFD09714EF360C00EA8616 /* Models */ = {
			isa = PBXGroup;
			children = (
				A8CFD09814EF360C00EA8616 /* IASKSettingsReader.h */,
				A8CFD09914EF360C00EA8616 /* IASKSettingsReader.m */,
				A8CFD09A14EF360C00EA8616 /* IASKSettingsStore.h */,
				A8CFD09B14EF360C00EA8616 /* IASKSettingsStore.m */,
				A8CFD09C14EF360C00EA8616 /* IASKSettingsStoreFile.h */,
				A8CFD09D14EF360C00EA8616 /* IASKSettingsStoreFile.m */,
				A8CFD09E14EF360C00EA8616 /* IASKSettingsStoreUserDefaults.h */,
				A8CFD09F14EF360C00EA8616 /* IASKSettingsStoreUserDefaults.m */,
				A8CFD0A014EF360C00EA8616 /* IASKSpecifier.h */,
				A8CFD0A114EF360C00EA8616 /* IASKSpecifier.m */,
			);
			path = Models;
			sourceTree = "<group>";
		};
		A8CFD0A214EF360C00EA8616 /* Views */ = {
			isa = PBXGroup;
			children = (
				A8CFD0A314EF360C00EA8616 /* IASKPSSliderSpecifierViewCell.h */,
				A8CFD0A414EF360C00EA8616 /* IASKPSSliderSpecifierViewCell.m */,
				A8CFD0A514EF360C00EA8616 /* IASKPSTextFieldSpecifierViewCell.h */,
				A8CFD0A614EF360C00EA8616 /* IASKPSTextFieldSpecifierViewCell.m */,
				A8CFD0A714EF360C00EA8616 /* IASKPSTitleValueSpecifierViewCell.h */,
				A8CFD0A814EF360C00EA8616 /* IASKPSTitleValueSpecifierViewCell.m */,
				A8CFD0A914EF360C00EA8616 /* IASKPSToggleSwitchSpecifierViewCell.h */,
				A8CFD0AA14EF360C00EA8616 /* IASKPSToggleSwitchSpecifierViewCell.m */,
				A8CFD0AB14EF360C00EA8616 /* IASKSlider.h */,
				A8CFD0AC14EF360C00EA8616 /* IASKSlider.m */,
				A8CFD0AD14EF360C00EA8616 /* IASKSwitch.h */,
				A8CFD0AE14EF360C00EA8616 /* IASKSwitch.m */,
				A8CFD0AF14EF360C00EA8616 /* IASKTextField.h */,
				A8CFD0B014EF360C00EA8616 /* IASKTextField.m */,
			);
			path = Views;
			sourceTree = "<group>";
		};
		A8CFD0B114EF360C00EA8616 /* Xibs */ = {
			isa = PBXGroup;
			children = (
				A8CFD0B214EF360C00EA8616 /* IASKAppSettingsView.xib */,
				A8CFD0B314EF360C00EA8616 /* IASKAppSettingsWebView.xib */,
				A8CFD0B414EF360C00EA8616 /* IASKPSSliderSpecifierViewCell.xib */,
				A8CFD0B514EF360C00EA8616 /* IASKPSTextFieldSpecifierViewCell.xib */,
				A8CFD0B614EF360C00EA8616 /* IASKPSToggleSwitchSpecifierViewCell.xib */,
				A8CFD0B714EF360C00EA8616 /* IASKSpecifierValuesView.xib */,
			);
			path = Xibs;
			sourceTree = "<group>";
		};
		A8CFD0F914F2B93F00EA8616 /* Controllers */ = {
			isa = PBXGroup;
			children = (
				A8E1D73E14D279E000E5A877 /* CMIMasterViewController.h */,
				A8E1D73F14D279E000E5A877 /* CMIMasterViewController.m */,
				A8E1D71914D1303900E5A877 /* CMIEKEventViewController.h */,
				A8E1D71A14D1303900E5A877 /* CMIEKEventViewController.m */,
				A8AEA2FB14E2380500E6ADC6 /* CMIHelpViewController.h */,
				A8AEA2FC14E2380500E6ADC6 /* CMIHelpViewController.m */,
			);
			name = Controllers;
			sourceTree = "<group>";
		};
		A8CFD0FA14F2B98E00EA8616 /* Model */ = {
			isa = PBXGroup;
			children = (
				A8081C6B14FFF8CB00CEC9A6 /* AddressBook */,
				A8E5254A14CA37A100797C16 /* EKEventParser.h */,
				A8E5254B14CA37A200797C16 /* EKEventParser.m */,
				A808AFA814EBF60F00810523 /* CMIPhone.h */,
				A808AFA914EBF60F00810523 /* CMIPhone.m */,
				A8E1D70A14D0974700E5A877 /* CMIEvent.h */,
				A8E1D70B14D0974700E5A877 /* CMIEvent.m */,
				A8E1D72F14D26AEE00E5A877 /* CMIEventCalendar.h */,
				A8E1D73014D26AEF00E5A877 /* CMIEventCalendar.m */,
				A8F6211A14E368E800B735AC /* CMIUtility.h */,
				A8F6211B14E368E800B735AC /* CMIUtility.m */,
				A8F6212114E56A2B00B735AC /* CMIDay.h */,
				A8F6212214E56A2C00B735AC /* CMIDay.m */,
				A8CFD0E714EFE5C200EA8616 /* CMIMyConferenceNumber.h */,
				A8CFD0E814EFE5C200EA8616 /* CMIMyConferenceNumber.m */,
				A856305314E87A52006B24F8 /* CMIUserDefaults.h */,
				A856305414E87A52006B24F8 /* CMIUserDefaults.m */,
				A82727D4150260CB005190EE /* CMIConferenceNumber.h */,
				A82727D5150260CB005190EE /* CMIConferenceNumber.m */,
			);
			name = Model;
			sourceTree = "<group>";
		};
		A8E1D72714D22A9400E5A877 /* Resources */ = {
			isa = PBXGroup;
			children = (
				A847419B14E0C8FD0017A7C8 /* Localizable.strings */,
				A8E1D72814D22AB700E5A877 /* Images */,
			);
			name = Resources;
			sourceTree = "<group>";
		};
		A8E1D72814D22AB700E5A877 /* Images */ = {
			isa = PBXGroup;
			children = (
				A81E2F9914EAD07A0005B411 /* Icon.png */,
				A81E2F9A14EAD07A0005B411 /* Icon@2x.png */,
				A81E2F9B14EAD07A0005B411 /* ITunesArtwork.png */,
				A8F6211414E3630700B735AC /* middleRowSelected.png */,
				A8B6321314E229430006E3A5 /* Default.png */,
				A8EAB89114DA4E82001294B4 /* topAndBottomRow.png */,
				A8EAB88A14DA4C90001294B4 /* topRow.png */,
				A8EAB88B14DA4C90001294B4 /* middleRow.png */,
				A8EAB89314DA51D9001294B4 /* middleRowSelected_red.png */,
				A8EAB88C14DA4C90001294B4 /* bottomRowSelected.png */,
				A8E1D74214D322CA00E5A877 /* phone.png */,
				A8E1D72914D22AE400E5A877 /* gradientBackground.png */,
			);
			name = Images;
			sourceTree = "<group>";
		};
		A8E524FB14CA0EC700797C16 = {
			isa = PBXGroup;
			children = (
				A8CFD08F14EF360C00EA8616 /* InAppSettingsKit */,
				A8E1D72714D22A9400E5A877 /* Resources */,
				A8E5251014CA0EC800797C16 /* ConferenceMeIn */,
				A8E5253414CA0EC800797C16 /* ConferenceMeInTests */,
				A8E5250914CA0EC800797C16 /* Frameworks */,
				A8E5250714CA0EC800797C16 /* Products */,
				A85FF3B514CEF90100F2CD1C /* Settings.bundle */,
			);
			sourceTree = "<group>";
		};
		A8E5250714CA0EC800797C16 /* Products */ = {
			isa = PBXGroup;
			children = (
				A8E5250614CA0EC800797C16 /* ConferenceMeIn.app */,
				A8E5252D14CA0EC800797C16 /* ConferenceMeInTests.octest */,
			);
			name = Products;
			sourceTree = "<group>";
		};
		A8E5250914CA0EC800797C16 /* Frameworks */ = {
			isa = PBXGroup;
			children = (
				A82728041502FE42005190EE /* AudioToolbox.framework */,
				A82728051502FE42005190EE /* SystemConfiguration.framework */,
				A8081CA515003C2C00CEC9A6 /* AddressBook.framework */,
				A8081CA615003C2C00CEC9A6 /* AddressBookUI.framework */,
				A8CFD0E214EF403A00EA8616 /* MessageUI.framework */,
				A8CFD0E414EF404500EA8616 /* MessageUI.framework */,
				A8E1D71F14D133B300E5A877 /* EventKit.framework */,
				A8E1D71D14D132B600E5A877 /* EventKitUI.framework */,
				A8E5250A14CA0EC800797C16 /* UIKit.framework */,
				A8E5250C14CA0EC800797C16 /* Foundation.framework */,
				A8E5250E14CA0EC800797C16 /* CoreGraphics.framework */,
				A8E5252E14CA0EC800797C16 /* SenTestingKit.framework */,
			);
			name = Frameworks;
			sourceTree = "<group>";
		};
		A8E5251014CA0EC800797C16 /* ConferenceMeIn */ = {
			isa = PBXGroup;
			children = (
				A82728031502FE0F005190EE /* AdMob */,
				A814F94114F3193800A159B9 /* Views */,
				A8CFD0FA14F2B98E00EA8616 /* Model */,
				A8CFD0F914F2B93F00EA8616 /* Controllers */,
				A8E5251914CA0EC800797C16 /* ConferenceMeInAppDelegate.h */,
				A8E5251A14CA0EC800797C16 /* ConferenceMeInAppDelegate.m */,
				A8E5251114CA0EC800797C16 /* Supporting Files */,
			);
			path = ConferenceMeIn;
			sourceTree = "<group>";
		};
		A8E5251114CA0EC800797C16 /* Supporting Files */ = {
			isa = PBXGroup;
			children = (
				A8E5251214CA0EC800797C16 /* ConferenceMeIn-Info.plist */,
				A8E5251314CA0EC800797C16 /* InfoPlist.strings */,
				A8E5251614CA0EC800797C16 /* main.m */,
				A8E5251814CA0EC800797C16 /* ConferenceMeIn-Prefix.pch */,
			);
			name = "Supporting Files";
			sourceTree = "<group>";
		};
		A8E5253414CA0EC800797C16 /* ConferenceMeInTests */ = {
			isa = PBXGroup;
			children = (
				A8F0178B14F58C080046E849 /* test_invites */,
				A8E1D70E14D09D7A00E5A877 /* CMIEventTests.h */,
				A8E1D70F14D09D7A00E5A877 /* CMIEventTests.m */,
				A8E1D73B14D2718900E5A877 /* CMIEventSystemTests.h */,
				A8E1D73C14D2718900E5A877 /* CMIEventSystemTests.m */,
				A8E1D70314D08F2800E5A877 /* EKEventParserTests.h */,
				A8E1D70414D08F2800E5A877 /* EKEventParserTests.m */,
				A8E5253A14CA0EC800797C16 /* ConferenceMeInTests.h */,
				A8E5253B14CA0EC800797C16 /* ConferenceMeInTests.m */,
				A8E5253514CA0EC800797C16 /* Supporting Files */,
			);
			path = ConferenceMeInTests;
			sourceTree = "<group>";
		};
		A8E5253514CA0EC800797C16 /* Supporting Files */ = {
			isa = PBXGroup;
			children = (
				A8E5253614CA0EC800797C16 /* ConferenceMeInTests-Info.plist */,
				A8E5253714CA0EC800797C16 /* InfoPlist.strings */,
			);
			name = "Supporting Files";
			sourceTree = "<group>";
		};
		A8F0178B14F58C080046E849 /* test_invites */ = {
			isa = PBXGroup;
			children = (
				A8DF7CF01505D5E400C42A5D /* faux_fax.txt */,
				A8081C5414FDC82800CEC9A6 /* lotuslive.txt */,
				A8081C4F14FDA65500CEC9A6 /* webex.txt */,
				A8081C5014FDA65500CEC9A6 /* webex2.txt */,
				A868D58914F853A300DEBC17 /* att_connect.txt */,
				A8F0179214F681420046E849 /* code_as_phonenumber.txt */,
				A8F0179314F681420046E849 /* gotomeeting_2_code_first.txt */,
				A8F0179414F681420046E849 /* gotomeeting_3_intl.txt */,
				A8F0179514F681420046E849 /* gotomeeting_4.txt */,
				A8F0179614F681420046E849 /* gotomeeting_1.txt */,
				A8F0179714F681420046E849 /* livemeeting2.txt */,
				A8F0179814F681420046E849 /* livemeeting3.txt */,
				A8F0179914F681420046E849 /* livemeeting4.txt */,
				A8F0179A14F681420046E849 /* livemeeting5.txt */,
				A8F0178C14F58C3F0046E849 /* livemeeting.txt */,
				A86C356C14FC39250079BE4E /* verizon.txt */,
			);
			name = test_invites;
			sourceTree = "<group>";
		};
/* End PBXGroup section */

/* Begin PBXNativeTarget section */
		A8E5250514CA0EC800797C16 /* ConferenceMeIn */ = {
			isa = PBXNativeTarget;
			buildConfigurationList = A8E5253F14CA0EC800797C16 /* Build configuration list for PBXNativeTarget "ConferenceMeIn" */;
			buildPhases = (
				A8E5250214CA0EC800797C16 /* Sources */,
				A8E5250314CA0EC800797C16 /* Frameworks */,
				A8E5250414CA0EC800797C16 /* Resources */,
			);
			buildRules = (
			);
			dependencies = (
			);
			name = ConferenceMeIn;
			productName = ConferenceMeIn;
			productReference = A8E5250614CA0EC800797C16 /* ConferenceMeIn.app */;
			productType = "com.apple.product-type.application";
		};
		A8E5252C14CA0EC800797C16 /* ConferenceMeInTests */ = {
			isa = PBXNativeTarget;
			buildConfigurationList = A8E5254214CA0EC800797C16 /* Build configuration list for PBXNativeTarget "ConferenceMeInTests" */;
			buildPhases = (
				A8E5252814CA0EC800797C16 /* Sources */,
				A8E5252914CA0EC800797C16 /* Frameworks */,
				A8E5252A14CA0EC800797C16 /* Resources */,
				A8E5252B14CA0EC800797C16 /* ShellScript */,
			);
			buildRules = (
			);
			dependencies = (
				A8E5253314CA0EC800797C16 /* PBXTargetDependency */,
			);
			name = ConferenceMeInTests;
			productName = ConferenceMeInTests;
			productReference = A8E5252D14CA0EC800797C16 /* ConferenceMeInTests.octest */;
			productType = "com.apple.product-type.bundle";
		};
/* End PBXNativeTarget section */

/* Begin PBXProject section */
		A8E524FD14CA0EC700797C16 /* Project object */ = {
			isa = PBXProject;
			attributes = {
				LastUpgradeCheck = 0420;
			};
			buildConfigurationList = A8E5250014CA0EC700797C16 /* Build configuration list for PBXProject "ConferenceMeIn" */;
			compatibilityVersion = "Xcode 3.2";
			developmentRegion = English;
			hasScannedForEncodings = 0;
			knownRegions = (
				en,
				"en-GB",
			);
			mainGroup = A8E524FB14CA0EC700797C16;
			productRefGroup = A8E5250714CA0EC800797C16 /* Products */;
			projectDirPath = "";
			projectRoot = "";
			targets = (
				A8E5250514CA0EC800797C16 /* ConferenceMeIn */,
				A8E5252C14CA0EC800797C16 /* ConferenceMeInTests */,
			);
		};
/* End PBXProject section */

/* Begin PBXResourcesBuildPhase section */
		A8E5250414CA0EC800797C16 /* Resources */ = {
			isa = PBXResourcesBuildPhase;
			buildActionMask = 2147483647;
			files = (
				A8E5251514CA0EC800797C16 /* InfoPlist.strings in Resources */,
				A85FF3B614CEF90100F2CD1C /* Settings.bundle in Resources */,
				A8E1D72A14D22AE400E5A877 /* gradientBackground.png in Resources */,
				A8E1D74314D322CA00E5A877 /* phone.png in Resources */,
				A8EAB88D14DA4C90001294B4 /* topRow.png in Resources */,
				A8EAB88E14DA4C90001294B4 /* middleRow.png in Resources */,
				A8EAB88F14DA4C90001294B4 /* bottomRowSelected.png in Resources */,
				A8EAB89214DA4E82001294B4 /* topAndBottomRow.png in Resources */,
				A8EAB89414DA51D9001294B4 /* middleRowSelected_red.png in Resources */,
				A847419D14E0C8FD0017A7C8 /* Localizable.strings in Resources */,
				A8B6321414E229440006E3A5 /* Default.png in Resources */,
				A8F6211514E3630700B735AC /* middleRowSelected.png in Resources */,
				A81E2F9C14EAD07A0005B411 /* Icon.png in Resources */,
				A81E2F9D14EAD07A0005B411 /* Icon@2x.png in Resources */,
				A81E2F9E14EAD07A0005B411 /* ITunesArtwork.png in Resources */,
				A8CFD0D614EF360C00EA8616 /* IASKAppSettingsView.xib in Resources */,
				A8CFD0D814EF360C00EA8616 /* IASKAppSettingsWebView.xib in Resources */,
				A8CFD0DA14EF360C00EA8616 /* IASKPSSliderSpecifierViewCell.xib in Resources */,
				A8CFD0DC14EF360C00EA8616 /* IASKPSTextFieldSpecifierViewCell.xib in Resources */,
				A8CFD0DE14EF360C00EA8616 /* IASKPSToggleSwitchSpecifierViewCell.xib in Resources */,
				A8CFD0E014EF360C00EA8616 /* IASKSpecifierValuesView.xib in Resources */,
				A8F48F1E14F2F4F1004F9B2E /* CMIHelpIPhoneView.xib in Resources */,
				A8F0178D14F58C3F0046E849 /* livemeeting.txt in Resources */,
			);
			runOnlyForDeploymentPostprocessing = 0;
		};
		A8E5252A14CA0EC800797C16 /* Resources */ = {
			isa = PBXResourcesBuildPhase;
			buildActionMask = 2147483647;
			files = (
				A8E5253914CA0EC800797C16 /* InfoPlist.strings in Resources */,
				A8E1D72B14D22AE400E5A877 /* gradientBackground.png in Resources */,
				A8E1D74414D322CA00E5A877 /* phone.png in Resources */,
				A847419E14E0C8FD0017A7C8 /* Localizable.strings in Resources */,
				A8CFD0D714EF360C00EA8616 /* IASKAppSettingsView.xib in Resources */,
				A8CFD0D914EF360C00EA8616 /* IASKAppSettingsWebView.xib in Resources */,
				A8CFD0DB14EF360C00EA8616 /* IASKPSSliderSpecifierViewCell.xib in Resources */,
				A8CFD0DD14EF360C00EA8616 /* IASKPSTextFieldSpecifierViewCell.xib in Resources */,
				A8CFD0DF14EF360C00EA8616 /* IASKPSToggleSwitchSpecifierViewCell.xib in Resources */,
				A8CFD0E114EF360C00EA8616 /* IASKSpecifierValuesView.xib in Resources */,
				A8F0179B14F681420046E849 /* code_as_phonenumber.txt in Resources */,
				A8F0179C14F681420046E849 /* gotomeeting_2_code_first.txt in Resources */,
				A8F0179D14F681420046E849 /* gotomeeting_3_intl.txt in Resources */,
				A8F0179E14F681420046E849 /* gotomeeting_4.txt in Resources */,
				A8F0179F14F681420046E849 /* gotomeeting_1.txt in Resources */,
				A8F017A014F681420046E849 /* livemeeting2.txt in Resources */,
				A8F017A114F681420046E849 /* livemeeting3.txt in Resources */,
				A8F017A214F681420046E849 /* livemeeting4.txt in Resources */,
				A8F017A314F681420046E849 /* livemeeting5.txt in Resources */,
				A868D58A14F853A300DEBC17 /* att_connect.txt in Resources */,
				A86C356D14FC39250079BE4E /* verizon.txt in Resources */,
				A8081C5114FDA65500CEC9A6 /* webex.txt in Resources */,
				A8081C5214FDA65500CEC9A6 /* webex2.txt in Resources */,
				A8081C5514FDC82800CEC9A6 /* lotuslive.txt in Resources */,
				A8DF7CF11505D5E500C42A5D /* faux_fax.txt in Resources */,
			);
			runOnlyForDeploymentPostprocessing = 0;
		};
/* End PBXResourcesBuildPhase section */

/* Begin PBXShellScriptBuildPhase section */
		A8E5252B14CA0EC800797C16 /* ShellScript */ = {
			isa = PBXShellScriptBuildPhase;
			buildActionMask = 2147483647;
			files = (
			);
			inputPaths = (
			);
			outputPaths = (
			);
			runOnlyForDeploymentPostprocessing = 0;
			shellPath = /bin/sh;
			shellScript = "# Run the unit tests in this test bundle.\n\"${SYSTEM_DEVELOPER_DIR}/Tools/RunUnitTests\"\n";
		};
/* End PBXShellScriptBuildPhase section */

/* Begin PBXSourcesBuildPhase section */
		A8E5250214CA0EC800797C16 /* Sources */ = {
			isa = PBXSourcesBuildPhase;
			buildActionMask = 2147483647;
			files = (
				A8E5251714CA0EC800797C16 /* main.m in Sources */,
				A8E5251B14CA0EC800797C16 /* ConferenceMeInAppDelegate.m in Sources */,
				A8E5254C14CA37A200797C16 /* EKEventParser.m in Sources */,
				A8E1D70C14D0974700E5A877 /* CMIEvent.m in Sources */,
				A8E1D71B14D1303900E5A877 /* CMIEKEventViewController.m in Sources */,
				A8E1D73114D26AEF00E5A877 /* CMIEventCalendar.m in Sources */,
				A8E1D74014D279E100E5A877 /* CMIMasterViewController.m in Sources */,
				A8AEA2FD14E2380500E6ADC6 /* CMIHelpViewController.m in Sources */,
				A8F6211C14E368E900B735AC /* CMIUtility.m in Sources */,
				A8F6212314E56A2C00B735AC /* CMIDay.m in Sources */,
				A856305514E87A53006B24F8 /* CMIUserDefaults.m in Sources */,
				A808AFAA14EBF60F00810523 /* CMIPhone.m in Sources */,
				A8CFD0B814EF360C00EA8616 /* IASKAppSettingsViewController.m in Sources */,
				A8CFD0BA14EF360C00EA8616 /* IASKAppSettingsWebViewController.m in Sources */,
				A8CFD0BC14EF360C00EA8616 /* IASKSpecifierValuesViewController.m in Sources */,
				A8CFD0BE14EF360C00EA8616 /* IASKSettingsReader.m in Sources */,
				A8CFD0C014EF360C00EA8616 /* IASKSettingsStore.m in Sources */,
				A8CFD0C214EF360C00EA8616 /* IASKSettingsStoreFile.m in Sources */,
				A8CFD0C414EF360C00EA8616 /* IASKSettingsStoreUserDefaults.m in Sources */,
				A8CFD0C614EF360C00EA8616 /* IASKSpecifier.m in Sources */,
				A8CFD0C814EF360C00EA8616 /* IASKPSSliderSpecifierViewCell.m in Sources */,
				A8CFD0CA14EF360C00EA8616 /* IASKPSTextFieldSpecifierViewCell.m in Sources */,
				A8CFD0CC14EF360C00EA8616 /* IASKPSTitleValueSpecifierViewCell.m in Sources */,
				A8CFD0CE14EF360C00EA8616 /* IASKPSToggleSwitchSpecifierViewCell.m in Sources */,
				A8CFD0D014EF360C00EA8616 /* IASKSlider.m in Sources */,
				A8CFD0D214EF360C00EA8616 /* IASKSwitch.m in Sources */,
				A8CFD0D414EF360C00EA8616 /* IASKTextField.m in Sources */,
				A8CFD0E914EFE5C200EA8616 /* CMIMyConferenceNumber.m in Sources */,
				A8081C931500384D00CEC9A6 /* ABContactsHelper.m in Sources */,
				A8081C9F1500396400CEC9A6 /* ABGroup.m in Sources */,
				A8081C9D1500396400CEC9A6 /* ABContact.m in Sources */,
				A8081CAF150040BF00CEC9A6 /* CMIContactsController.m in Sources */,
				A82727D6150260CB005190EE /* CMIConferenceNumber.m in Sources */,
			);
			runOnlyForDeploymentPostprocessing = 0;
		};
		A8E5252814CA0EC800797C16 /* Sources */ = {
			isa = PBXSourcesBuildPhase;
			buildActionMask = 2147483647;
			files = (
				A8081CB4150137B900CEC9A6 /* ABContact.m in Sources */,
				A8081CB6150137B900CEC9A6 /* ABGroup.m in Sources */,
				A8081CB8150137B900CEC9A6 /* ABContactsHelper.m in Sources */,
				A8081CBA150137B900CEC9A6 /* CMIContactsController.m in Sources */,
				A8E5254D14CA37A200797C16 /* EKEventParser.m in Sources */,
				A8E1D70514D08F2800E5A877 /* EKEventParserTests.m in Sources */,
				A8E1D70D14D0974700E5A877 /* CMIEvent.m in Sources */,
				A8E1D71014D09D7A00E5A877 /* CMIEventTests.m in Sources */,
				A8E1D71C14D1303900E5A877 /* CMIEKEventViewController.m in Sources */,
				A8E1D73214D26AEF00E5A877 /* CMIEventCalendar.m in Sources */,
				A8E1D73D14D2718900E5A877 /* CMIEventSystemTests.m in Sources */,
				A8E1D74114D279E100E5A877 /* CMIMasterViewController.m in Sources */,
				A8AEA2FE14E2380500E6ADC6 /* CMIHelpViewController.m in Sources */,
				A8F6212414E56A2C00B735AC /* CMIDay.m in Sources */,
				A856305614E87A53006B24F8 /* CMIUserDefaults.m in Sources */,
				A808AFAB14EBF60F00810523 /* CMIPhone.m in Sources */,
				A8CFD0EA14EFE5C200EA8616 /* CMIMyConferenceNumber.m in Sources */,
				A82727D7150260CB005190EE /* CMIConferenceNumber.m in Sources */,
			);
			runOnlyForDeploymentPostprocessing = 0;
		};
/* End PBXSourcesBuildPhase section */

/* Begin PBXTargetDependency section */
		A8E5253314CA0EC800797C16 /* PBXTargetDependency */ = {
			isa = PBXTargetDependency;
			target = A8E5250514CA0EC800797C16 /* ConferenceMeIn */;
			targetProxy = A8E5253214CA0EC800797C16 /* PBXContainerItemProxy */;
		};
/* End PBXTargetDependency section */

/* Begin PBXVariantGroup section */
		A847419B14E0C8FD0017A7C8 /* Localizable.strings */ = {
			isa = PBXVariantGroup;
			children = (
				A847419C14E0C8FD0017A7C8 /* en */,
				A82018B61507E23500C5FC6F /* en-GB */,
			);
			name = Localizable.strings;
			sourceTree = "<group>";
		};
		A8E5251314CA0EC800797C16 /* InfoPlist.strings */ = {
			isa = PBXVariantGroup;
			children = (
				A8E5251414CA0EC800797C16 /* en */,
			);
			name = InfoPlist.strings;
			sourceTree = "<group>";
		};
		A8E5253714CA0EC800797C16 /* InfoPlist.strings */ = {
			isa = PBXVariantGroup;
			children = (
				A8E5253814CA0EC800797C16 /* en */,
			);
			name = InfoPlist.strings;
			sourceTree = "<group>";
		};
/* End PBXVariantGroup section */

/* Begin XCBuildConfiguration section */
		A85FF3AD14CCD61F00F2CD1C /* AdHoc */ = {
			isa = XCBuildConfiguration;
			buildSettings = {
				ALWAYS_SEARCH_USER_PATHS = NO;
				ARCHS = "$(ARCHS_STANDARD_32_BIT)";
				CLANG_ENABLE_OBJC_ARC = YES;
				"CODE_SIGN_IDENTITY[sdk=iphoneos*]" = "iPhone Developer: philip penn (SPPMQBL3XX)";
				COPY_PHASE_STRIP = YES;
				GCC_C_LANGUAGE_STANDARD = gnu99;
				GCC_VERSION = com.apple.compilers.llvm.clang.1_0;
				GCC_WARN_ABOUT_MISSING_PROTOTYPES = YES;
				GCC_WARN_ABOUT_RETURN_TYPE = YES;
				GCC_WARN_UNUSED_VARIABLE = YES;
				IPHONEOS_DEPLOYMENT_TARGET = 5.0;
				OTHER_CFLAGS = "-DNS_BLOCK_ASSERTIONS=1";
				SDKROOT = iphoneos;
				VALIDATE_PRODUCT = YES;
			};
			name = AdHoc;
		};
		A85FF3AE14CCD61F00F2CD1C /* AdHoc */ = {
			isa = XCBuildConfiguration;
			buildSettings = {
				GCC_PRECOMPILE_PREFIX_HEADER = YES;
				GCC_PREFIX_HEADER = "ConferenceMeIn/ConferenceMeIn-Prefix.pch";
				INFOPLIST_FILE = "ConferenceMeIn/ConferenceMeIn-Info.plist";
				IPHONEOS_DEPLOYMENT_TARGET = 5.0;
				LIBRARY_SEARCH_PATHS = (
					"$(inherited)",
					"\"$(SRCROOT)/ConferenceMeIn/AdMob\"",
				);
				PRODUCT_NAME = "$(TARGET_NAME)";
				WRAPPER_EXTENSION = app;
			};
			name = AdHoc;
		};
		A85FF3AF14CCD61F00F2CD1C /* AdHoc */ = {
			isa = XCBuildConfiguration;
			buildSettings = {
				BUNDLE_LOADER = "$(BUILT_PRODUCTS_DIR)/ConferenceMeIn.app/ConferenceMeIn";
				FRAMEWORK_SEARCH_PATHS = (
					"$(inherited)",
					"\"$(DEVELOPER_FRAMEWORKS_DIR)\"",
				);
				GCC_PRECOMPILE_PREFIX_HEADER = YES;
				GCC_PREFIX_HEADER = "ConferenceMeIn/ConferenceMeIn-Prefix.pch";
				INFOPLIST_FILE = "ConferenceMeInTests/ConferenceMeInTests-Info.plist";
				IPHONEOS_DEPLOYMENT_TARGET = 5.0;
				LIBRARY_SEARCH_PATHS = (
					"$(inherited)",
					"\"$(SRCROOT)/ConferenceMeIn/AdMob\"",
				);
				PRODUCT_NAME = "$(TARGET_NAME)";
				TEST_HOST = "$(BUNDLE_LOADER)";
				WRAPPER_EXTENSION = octest;
			};
			name = AdHoc;
		};
		A8E5253D14CA0EC800797C16 /* Debug */ = {
			isa = XCBuildConfiguration;
			buildSettings = {
				ALWAYS_SEARCH_USER_PATHS = NO;
				ARCHS = "$(ARCHS_STANDARD_32_BIT)";
				CLANG_ENABLE_OBJC_ARC = YES;
				"CODE_SIGN_ENTITLEMENTS[sdk=*]" = "";
				"CODE_SIGN_IDENTITY[sdk=iphoneos*]" = "iPhone Developer: philip penn (SPPMQBL3XX)";
				COPY_PHASE_STRIP = NO;
				GCC_C_LANGUAGE_STANDARD = gnu99;
				GCC_DYNAMIC_NO_PIC = NO;
				GCC_OPTIMIZATION_LEVEL = 0;
				GCC_PREPROCESSOR_DEFINITIONS = (
					"DEBUG=1",
					"$(inherited)",
				);
				GCC_SYMBOLS_PRIVATE_EXTERN = NO;
				GCC_VERSION = com.apple.compilers.llvm.clang.1_0;
				GCC_WARN_ABOUT_MISSING_PROTOTYPES = YES;
				GCC_WARN_ABOUT_RETURN_TYPE = YES;
				GCC_WARN_UNUSED_VARIABLE = YES;
				IPHONEOS_DEPLOYMENT_TARGET = 5.0;
				SDKROOT = iphoneos;
			};
			name = Debug;
		};
		A8E5253E14CA0EC800797C16 /* Release */ = {
			isa = XCBuildConfiguration;
			buildSettings = {
				ALWAYS_SEARCH_USER_PATHS = NO;
				ARCHS = "$(ARCHS_STANDARD_32_BIT)";
				CLANG_ENABLE_OBJC_ARC = YES;
				"CODE_SIGN_IDENTITY[sdk=iphoneos*]" = "iPhone Developer: philip penn (SPPMQBL3XX)";
				COPY_PHASE_STRIP = YES;
				GCC_C_LANGUAGE_STANDARD = gnu99;
				GCC_VERSION = com.apple.compilers.llvm.clang.1_0;
				GCC_WARN_ABOUT_MISSING_PROTOTYPES = YES;
				GCC_WARN_ABOUT_RETURN_TYPE = YES;
				GCC_WARN_UNUSED_VARIABLE = YES;
				IPHONEOS_DEPLOYMENT_TARGET = 5.0;
				OTHER_CFLAGS = "-DNS_BLOCK_ASSERTIONS=1";
				SDKROOT = iphoneos;
				VALIDATE_PRODUCT = YES;
			};
			name = Release;
		};
		A8E5254014CA0EC800797C16 /* Debug */ = {
			isa = XCBuildConfiguration;
			buildSettings = {
				GCC_PRECOMPILE_PREFIX_HEADER = YES;
				GCC_PREFIX_HEADER = "ConferenceMeIn/ConferenceMeIn-Prefix.pch";
				INFOPLIST_FILE = "ConferenceMeIn/ConferenceMeIn-Info.plist";
				IPHONEOS_DEPLOYMENT_TARGET = 5.0;
				LIBRARY_SEARCH_PATHS = (
					"$(inherited)",
					"\"$(SRCROOT)/ConferenceMeIn/AdMob\"",
				);
				PRODUCT_NAME = "$(TARGET_NAME)";
				WRAPPER_EXTENSION = app;
			};
			name = Debug;
		};
		A8E5254114CA0EC800797C16 /* Release */ = {
			isa = XCBuildConfiguration;
			buildSettings = {
				CODE_SIGN_IDENTITY = "iPhone Developer: philip penn (SPPMQBL3XX)";
				GCC_PRECOMPILE_PREFIX_HEADER = YES;
				GCC_PREFIX_HEADER = "ConferenceMeIn/ConferenceMeIn-Prefix.pch";
				INFOPLIST_FILE = "ConferenceMeIn/ConferenceMeIn-Info.plist";
				IPHONEOS_DEPLOYMENT_TARGET = 5.0;
				LIBRARY_SEARCH_PATHS = (
					"$(inherited)",
					"\"$(SRCROOT)/ConferenceMeIn/AdMob\"",
				);
				PRODUCT_NAME = "$(TARGET_NAME)";
				WRAPPER_EXTENSION = app;
			};
			name = Release;
		};
		A8E5254314CA0EC800797C16 /* Debug */ = {
			isa = XCBuildConfiguration;
			buildSettings = {
				BUNDLE_LOADER = "$(BUILT_PRODUCTS_DIR)/ConferenceMeIn.app/ConferenceMeIn";
				FRAMEWORK_SEARCH_PATHS = (
					"$(inherited)",
					"\"$(DEVELOPER_FRAMEWORKS_DIR)\"",
				);
				GCC_PRECOMPILE_PREFIX_HEADER = YES;
				GCC_PREFIX_HEADER = "ConferenceMeIn/ConferenceMeIn-Prefix.pch";
				INFOPLIST_FILE = "ConferenceMeInTests/ConferenceMeInTests-Info.plist";
				IPHONEOS_DEPLOYMENT_TARGET = 5.0;
				LIBRARY_SEARCH_PATHS = (
					"$(inherited)",
					"\"$(SRCROOT)/ConferenceMeIn/AdMob\"",
				);
				PRODUCT_NAME = "$(TARGET_NAME)";
				TEST_HOST = "$(BUNDLE_LOADER)";
				WRAPPER_EXTENSION = octest;
			};
			name = Debug;
		};
		A8E5254414CA0EC800797C16 /* Release */ = {
			isa = XCBuildConfiguration;
			buildSettings = {
				BUNDLE_LOADER = "$(BUILT_PRODUCTS_DIR)/ConferenceMeIn.app/ConferenceMeIn";
				FRAMEWORK_SEARCH_PATHS = (
					"$(inherited)",
					"\"$(DEVELOPER_FRAMEWORKS_DIR)\"",
				);
				GCC_PRECOMPILE_PREFIX_HEADER = YES;
				GCC_PREFIX_HEADER = "ConferenceMeIn/ConferenceMeIn-Prefix.pch";
				INFOPLIST_FILE = "ConferenceMeInTests/ConferenceMeInTests-Info.plist";
				IPHONEOS_DEPLOYMENT_TARGET = 5.0;
				LIBRARY_SEARCH_PATHS = (
					"$(inherited)",
					"\"$(SRCROOT)/ConferenceMeIn/AdMob\"",
				);
				PRODUCT_NAME = "$(TARGET_NAME)";
				TEST_HOST = "$(BUNDLE_LOADER)";
				WRAPPER_EXTENSION = octest;
			};
			name = Release;
		};
/* End XCBuildConfiguration section */

/* Begin XCConfigurationList section */
		A8E5250014CA0EC700797C16 /* Build configuration list for PBXProject "ConferenceMeIn" */ = {
			isa = XCConfigurationList;
			buildConfigurations = (
				A8E5253D14CA0EC800797C16 /* Debug */,
				A8E5253E14CA0EC800797C16 /* Release */,
				A85FF3AD14CCD61F00F2CD1C /* AdHoc */,
			);
			defaultConfigurationIsVisible = 0;
			defaultConfigurationName = Release;
		};
		A8E5253F14CA0EC800797C16 /* Build configuration list for PBXNativeTarget "ConferenceMeIn" */ = {
			isa = XCConfigurationList;
			buildConfigurations = (
				A8E5254014CA0EC800797C16 /* Debug */,
				A8E5254114CA0EC800797C16 /* Release */,
				A85FF3AE14CCD61F00F2CD1C /* AdHoc */,
			);
			defaultConfigurationIsVisible = 0;
			defaultConfigurationName = Release;
		};
		A8E5254214CA0EC800797C16 /* Build configuration list for PBXNativeTarget "ConferenceMeInTests" */ = {
			isa = XCConfigurationList;
			buildConfigurations = (
				A8E5254314CA0EC800797C16 /* Debug */,
				A8E5254414CA0EC800797C16 /* Release */,
				A85FF3AF14CCD61F00F2CD1C /* AdHoc */,
			);
			defaultConfigurationIsVisible = 0;
			defaultConfigurationName = Release;
		};
/* End XCConfigurationList section */
	};
	rootObject = A8E524FD14CA0EC700797C16 /* Project object */;
}
